PODS:
  - Alamofire (5.4.1)
  - SDWebImage (5.10.0):
    - SDWebImage/Core (= 5.10.0)
  - SDWebImage/Core (5.10.0)
  - SDWebImageSwiftUI (2.0.1):
    - SDWebImage (~> 5.10)
  - SnapKit (5.0.1)

DEPENDENCIES:
  - Alamofire (~> 5.2)
  - SDWebImage (~> 5.0)
  - SDWebImageSwiftUI
  - SnapKit (~> 5.0.0)

SPEC REPOS:
  trunk:
    - Alamofire
    - SDWebImage
    - SDWebImageSwiftUI
    - SnapKit

SPEC CHECKSUMS:
  Alamofire: 2291f7d21ca607c491dd17642e5d40fdcda0e65c
  SDWebImage: 9169792e9eec3e45bba2a0c02f74bf8bd922d1ee
  SDWebImageSwiftUI: ff3dc77f69330e6513c655bcb9b5080a033405a5
  SnapKit: 97b92857e3df3a0c71833cce143274bf6ef8e5eb

PODFILE CHECKSUM: 367597d7a593de5378844a745f260284db57a032

COCOAPODS: 1.9.3
