// !$*UTF8*$!
{
	archiveVersion = 1;
	classes = {
	};
	objectVersion = 51;
	objects = {

/* Begin PBXBuildFile section */
		272977AA6874D334C36393DB /* Pods_PetHospital_iOS.framework in Frameworks */ = {isa = PBXBuildFile; fileRef = 0FF6DC7085A0C456F9642B02 /* Pods_PetHospital_iOS.framework */; };
		6314213026034D0A00F7D8E2 /* NetworkManager.swift in Sources */ = {isa = PBXBuildFile; fileRef = 6314212F26034D0A00F7D8E2 /* NetworkManager.swift */; };
		633572F525F90AF500C8F882 /* RolePlayingViewController.swift in Sources */ = {isa = PBXBuildFile; fileRef = 633572F425F90AF500C8F882 /* RolePlayingViewController.swift */; };
		633572F925F90C4400C8F882 /* Role.swift in Sources */ = {isa = PBXBuildFile; fileRef = 633572F825F90C4400C8F882 /* Role.swift */; };
		6347700B25F8D83700BF8612 /* Department.swift in Sources */ = {isa = PBXBuildFile; fileRef = 6347700A25F8D83700BF8612 /* Department.swift */; };
		6347701B25F8DFF200BF8612 /* TouringListView.swift in Sources */ = {isa = PBXBuildFile; fileRef = 6347701A25F8DFF200BF8612 /* TouringListView.swift */; };
		6347702425F908CE00BF8612 /* RolePlayingView.swift in Sources */ = {isa = PBXBuildFile; fileRef = 6347702325F908CE00BF8612 /* RolePlayingView.swift */; };
		637A8A4225FEEA680086ABEF /* User.swift in Sources */ = {isa = PBXBuildFile; fileRef = 637A8A4125FEEA680086ABEF /* User.swift */; };
		637A8A4625FEED430086ABEF /* ResultEntity.swift in Sources */ = {isa = PBXBuildFile; fileRef = 637A8A4525FEED430086ABEF /* ResultEntity.swift */; };
		63A84A3D25F896F900AE8628 /* Touring.storyboard in Resources */ = {isa = PBXBuildFile; fileRef = 63A84A3B25F896F900AE8628 /* Touring.storyboard */; };
		63A84A4225F8996300AE8628 /* RolePlaying.storyboard in Resources */ = {isa = PBXBuildFile; fileRef = 63A84A4025F8996300AE8628 /* RolePlaying.storyboard */; };
		63A84A4725F89A1200AE8628 /* CaseStudy.storyboard in Resources */ = {isa = PBXBuildFile; fileRef = 63A84A4525F89A1200AE8628 /* CaseStudy.storyboard */; };
		63A84A4C25F89ABE00AE8628 /* Exam.storyboard in Resources */ = {isa = PBXBuildFile; fileRef = 63A84A4A25F89ABE00AE8628 /* Exam.storyboard */; };
		63A84A5025F89F5C00AE8628 /* TouringViewController.swift in Sources */ = {isa = PBXBuildFile; fileRef = 63A84A4F25F89F5C00AE8628 /* TouringViewController.swift */; };
		63C9B1E425F88C6C0093DD91 /* AppDelegate.swift in Sources */ = {isa = PBXBuildFile; fileRef = 63C9B1E325F88C6C0093DD91 /* AppDelegate.swift */; };
		63C9B1E625F88C6C0093DD91 /* SceneDelegate.swift in Sources */ = {isa = PBXBuildFile; fileRef = 63C9B1E525F88C6C0093DD91 /* SceneDelegate.swift */; };
		63C9B1EB25F88C6C0093DD91 /* Main.storyboard in Resources */ = {isa = PBXBuildFile; fileRef = 63C9B1E925F88C6C0093DD91 /* Main.storyboard */; };
		63C9B1ED25F88C6E0093DD91 /* Assets.xcassets in Resources */ = {isa = PBXBuildFile; fileRef = 63C9B1EC25F88C6E0093DD91 /* Assets.xcassets */; };
		63C9B1F025F88C6E0093DD91 /* LaunchScreen.storyboard in Resources */ = {isa = PBXBuildFile; fileRef = 63C9B1EE25F88C6E0093DD91 /* LaunchScreen.storyboard */; };
		63E614DA2608190200F259B6 /* EndPoint.swift in Sources */ = {isa = PBXBuildFile; fileRef = 63E614D92608190200F259B6 /* EndPoint.swift */; };
		63E614DF2608213C00F259B6 /* GlobalCache.swift in Sources */ = {isa = PBXBuildFile; fileRef = 63E614DE2608213C00F259B6 /* GlobalCache.swift */; };
		63E614E4260824CA00F259B6 /* LoginHelper.swift in Sources */ = {isa = PBXBuildFile; fileRef = 63E614E3260824CA00F259B6 /* LoginHelper.swift */; };
		63E614E9260829BD00F259B6 /* LoginViewController.swift in Sources */ = {isa = PBXBuildFile; fileRef = 63E614E8260829BD00F259B6 /* LoginViewController.swift */; };
/* End PBXBuildFile section */

/* Begin PBXFileReference section */
		0FF6DC7085A0C456F9642B02 /* Pods_PetHospital_iOS.framework */ = {isa = PBXFileReference; explicitFileType = wrapper.framework; includeInIndex = 0; path = Pods_PetHospital_iOS.framework; sourceTree = BUILT_PRODUCTS_DIR; };
		6314212F26034D0A00F7D8E2 /* NetworkManager.swift */ = {isa = PBXFileReference; lastKnownFileType = sourcecode.swift; path = NetworkManager.swift; sourceTree = "<group>"; };
		633572F425F90AF500C8F882 /* RolePlayingViewController.swift */ = {isa = PBXFileReference; lastKnownFileType = sourcecode.swift; path = RolePlayingViewController.swift; sourceTree = "<group>"; };
		633572F825F90C4400C8F882 /* Role.swift */ = {isa = PBXFileReference; lastKnownFileType = sourcecode.swift; path = Role.swift; sourceTree = "<group>"; };
		6347700A25F8D83700BF8612 /* Department.swift */ = {isa = PBXFileReference; lastKnownFileType = sourcecode.swift; path = Department.swift; sourceTree = "<group>"; };
		6347701A25F8DFF200BF8612 /* TouringListView.swift */ = {isa = PBXFileReference; lastKnownFileType = sourcecode.swift; path = TouringListView.swift; sourceTree = "<group>"; };
		6347702325F908CE00BF8612 /* RolePlayingView.swift */ = {isa = PBXFileReference; lastKnownFileType = sourcecode.swift; path = RolePlayingView.swift; sourceTree = "<group>"; };
		637A8A4125FEEA680086ABEF /* User.swift */ = {isa = PBXFileReference; lastKnownFileType = sourcecode.swift; path = User.swift; sourceTree = "<group>"; };
		637A8A4525FEED430086ABEF /* ResultEntity.swift */ = {isa = PBXFileReference; lastKnownFileType = sourcecode.swift; name = ResultEntity.swift; path = ../../../../ResultEntity.swift; sourceTree = "<group>"; };
		63A84A3C25F896F900AE8628 /* Base */ = {isa = PBXFileReference; lastKnownFileType = file.storyboard; name = Base; path = "PetHospital-iOS/Base.lproj/Touring.storyboard"; sourceTree = "<group>"; };
		63A84A4125F8996300AE8628 /* Base */ = {isa = PBXFileReference; lastKnownFileType = file.storyboard; name = Base; path = "PetHospital-iOS/Base.lproj/RolePlaying.storyboard"; sourceTree = "<group>"; };
		63A84A4625F89A1200AE8628 /* Base */ = {isa = PBXFileReference; lastKnownFileType = file.storyboard; name = Base; path = "PetHospital-iOS/Base.lproj/CaseStudy.storyboard"; sourceTree = "<group>"; };
		63A84A4B25F89ABE00AE8628 /* Base */ = {isa = PBXFileReference; lastKnownFileType = file.storyboard; name = Base; path = "PetHospital-iOS/Base.lproj/Exam.storyboard"; sourceTree = "<group>"; };
		63A84A4F25F89F5C00AE8628 /* TouringViewController.swift */ = {isa = PBXFileReference; lastKnownFileType = sourcecode.swift; path = TouringViewController.swift; sourceTree = "<group>"; };
		63C9B1E025F88C6C0093DD91 /* PetHospital-iOS.app */ = {isa = PBXFileReference; explicitFileType = wrapper.application; includeInIndex = 0; path = "PetHospital-iOS.app"; sourceTree = BUILT_PRODUCTS_DIR; };
		63C9B1E325F88C6C0093DD91 /* AppDelegate.swift */ = {isa = PBXFileReference; lastKnownFileType = sourcecode.swift; path = AppDelegate.swift; sourceTree = "<group>"; };
		63C9B1E525F88C6C0093DD91 /* SceneDelegate.swift */ = {isa = PBXFileReference; lastKnownFileType = sourcecode.swift; path = SceneDelegate.swift; sourceTree = "<group>"; };
		63C9B1EA25F88C6C0093DD91 /* Base */ = {isa = PBXFileReference; lastKnownFileType = file.storyboard; name = Base; path = Base.lproj/Main.storyboard; sourceTree = "<group>"; };
		63C9B1EC25F88C6E0093DD91 /* Assets.xcassets */ = {isa = PBXFileReference; lastKnownFileType = folder.assetcatalog; path = Assets.xcassets; sourceTree = "<group>"; };
		63C9B1EF25F88C6E0093DD91 /* Base */ = {isa = PBXFileReference; lastKnownFileType = file.storyboard; name = Base; path = Base.lproj/LaunchScreen.storyboard; sourceTree = "<group>"; };
		63C9B1F125F88C6E0093DD91 /* Info.plist */ = {isa = PBXFileReference; lastKnownFileType = text.plist.xml; path = Info.plist; sourceTree = "<group>"; };
		63E614D92608190200F259B6 /* EndPoint.swift */ = {isa = PBXFileReference; lastKnownFileType = sourcecode.swift; path = EndPoint.swift; sourceTree = "<group>"; };
		63E614DE2608213C00F259B6 /* GlobalCache.swift */ = {isa = PBXFileReference; lastKnownFileType = sourcecode.swift; path = GlobalCache.swift; sourceTree = "<group>"; };
		63E614E3260824CA00F259B6 /* LoginHelper.swift */ = {isa = PBXFileReference; lastKnownFileType = sourcecode.swift; path = LoginHelper.swift; sourceTree = "<group>"; };
		63E614E8260829BD00F259B6 /* LoginViewController.swift */ = {isa = PBXFileReference; lastKnownFileType = sourcecode.swift; path = LoginViewController.swift; sourceTree = "<group>"; };
		CC5E8E3341C0B0D5D7ED37D8 /* Pods-PetHospital-iOS.debug.xcconfig */ = {isa = PBXFileReference; includeInIndex = 1; lastKnownFileType = text.xcconfig; name = "Pods-PetHospital-iOS.debug.xcconfig"; path = "Target Support Files/Pods-PetHospital-iOS/Pods-PetHospital-iOS.debug.xcconfig"; sourceTree = "<group>"; };
		D01D2E739B2144F7741F83AF /* Pods-PetHospital-iOS.release.xcconfig */ = {isa = PBXFileReference; includeInIndex = 1; lastKnownFileType = text.xcconfig; name = "Pods-PetHospital-iOS.release.xcconfig"; path = "Target Support Files/Pods-PetHospital-iOS/Pods-PetHospital-iOS.release.xcconfig"; sourceTree = "<group>"; };
/* End PBXFileReference section */

/* Begin PBXFrameworksBuildPhase section */
		63C9B1DD25F88C6C0093DD91 /* Frameworks */ = {
			isa = PBXFrameworksBuildPhase;
			buildActionMask = 2147483647;
			files = (
				272977AA6874D334C36393DB /* Pods_PetHospital_iOS.framework in Frameworks */,
			);
			runOnlyForDeploymentPostprocessing = 0;
		};
/* End PBXFrameworksBuildPhase section */

/* Begin PBXGroup section */
		2ED558438F6632581A6DA808 /* Pods */ = {
			isa = PBXGroup;
			children = (
				CC5E8E3341C0B0D5D7ED37D8 /* Pods-PetHospital-iOS.debug.xcconfig */,
				D01D2E739B2144F7741F83AF /* Pods-PetHospital-iOS.release.xcconfig */,
			);
			path = Pods;
			sourceTree = "<group>";
		};
		6314212D26034CF800F7D8E2 /* Utils */ = {
			isa = PBXGroup;
			children = (
				63E614E1260824A900F259B6 /* Login */,
				63E614DD2608212200F259B6 /* Cache */,
				63E614D7260818C300F259B6 /* Config */,
				6314212E26034CFC00F7D8E2 /* Networking */,
			);
			path = Utils;
			sourceTree = "<group>";
		};
		6314212E26034CFC00F7D8E2 /* Networking */ = {
			isa = PBXGroup;
			children = (
				6314212F26034D0A00F7D8E2 /* NetworkManager.swift */,
			);
			path = Networking;
			sourceTree = "<group>";
		};
		633572F725F90C3A00C8F882 /* RolePlaying */ = {
			isa = PBXGroup;
			children = (
				633572F825F90C4400C8F882 /* Role.swift */,
			);
			path = RolePlaying;
			sourceTree = "<group>";
		};
		6347700D25F8D83900BF8612 /* Touring */ = {
			isa = PBXGroup;
			children = (
				6347700A25F8D83700BF8612 /* Department.swift */,
			);
			path = Touring;
			sourceTree = "<group>";
		};
		637A8A4025FEE9C10086ABEF /* Basic */ = {
			isa = PBXGroup;
			children = (
				637A8A4125FEEA680086ABEF /* User.swift */,
				637A8A4525FEED430086ABEF /* ResultEntity.swift */,
			);
			path = Basic;
			sourceTree = "<group>";
		};
		63A84A5225F8A20500AE8628 /* Models */ = {
			isa = PBXGroup;
			children = (
				637A8A4025FEE9C10086ABEF /* Basic */,
				633572F725F90C3A00C8F882 /* RolePlaying */,
				6347700D25F8D83900BF8612 /* Touring */,
			);
			path = Models;
			sourceTree = "<group>";
		};
		63A84A5325F8A20C00AE8628 /* ViewControllers */ = {
			isa = PBXGroup;
			children = (
				63E614E7260829AF00F259B6 /* Login */,
				63A84A5425F8A21E00AE8628 /* Touring */,
				63A84A5525F8A22800AE8628 /* RolePlaying */,
				63A84A5625F8A23C00AE8628 /* CaseStudy */,
				63A84A5725F8A24A00AE8628 /* Exam */,
			);
			path = ViewControllers;
			sourceTree = "<group>";
		};
		63A84A5425F8A21E00AE8628 /* Touring */ = {
			isa = PBXGroup;
			children = (
				63A84A3B25F896F900AE8628 /* Touring.storyboard */,
				63A84A4F25F89F5C00AE8628 /* TouringViewController.swift */,
				6347701A25F8DFF200BF8612 /* TouringListView.swift */,
			);
			path = Touring;
			sourceTree = "<group>";
		};
		63A84A5525F8A22800AE8628 /* RolePlaying */ = {
			isa = PBXGroup;
			children = (
				63A84A4025F8996300AE8628 /* RolePlaying.storyboard */,
				6347702325F908CE00BF8612 /* RolePlayingView.swift */,
				633572F425F90AF500C8F882 /* RolePlayingViewController.swift */,
			);
			path = RolePlaying;
			sourceTree = "<group>";
		};
		63A84A5625F8A23C00AE8628 /* CaseStudy */ = {
			isa = PBXGroup;
			children = (
				63A84A4525F89A1200AE8628 /* CaseStudy.storyboard */,
			);
			path = CaseStudy;
			sourceTree = "<group>";
		};
		63A84A5725F8A24A00AE8628 /* Exam */ = {
			isa = PBXGroup;
			children = (
				63A84A4A25F89ABE00AE8628 /* Exam.storyboard */,
			);
			path = Exam;
			sourceTree = "<group>";
		};
		63C9B1D725F88C6C0093DD91 = {
			isa = PBXGroup;
			children = (
				63C9B1E225F88C6C0093DD91 /* PetHospital-iOS */,
				63C9B1E125F88C6C0093DD91 /* Products */,
				2ED558438F6632581A6DA808 /* Pods */,
				954EE21E35C0CA351D49CF15 /* Frameworks */,
			);
			sourceTree = "<group>";
		};
		63C9B1E125F88C6C0093DD91 /* Products */ = {
			isa = PBXGroup;
			children = (
				63C9B1E025F88C6C0093DD91 /* PetHospital-iOS.app */,
			);
			name = Products;
			sourceTree = "<group>";
		};
		63C9B1E225F88C6C0093DD91 /* PetHospital-iOS */ = {
			isa = PBXGroup;
			children = (
				6314212D26034CF800F7D8E2 /* Utils */,
				63A84A5325F8A20C00AE8628 /* ViewControllers */,
				63A84A5225F8A20500AE8628 /* Models */,
				63C9B1E325F88C6C0093DD91 /* AppDelegate.swift */,
				63C9B1E525F88C6C0093DD91 /* SceneDelegate.swift */,
				63C9B1E925F88C6C0093DD91 /* Main.storyboard */,
				63C9B1EC25F88C6E0093DD91 /* Assets.xcassets */,
				63C9B1EE25F88C6E0093DD91 /* LaunchScreen.storyboard */,
				63C9B1F125F88C6E0093DD91 /* Info.plist */,
			);
			path = "PetHospital-iOS";
			sourceTree = "<group>";
		};
		63E614D7260818C300F259B6 /* Config */ = {
			isa = PBXGroup;
			children = (
				63E614D8260818CD00F259B6 /* EndPoints */,
			);
			path = Config;
			sourceTree = "<group>";
		};
		63E614D8260818CD00F259B6 /* EndPoints */ = {
			isa = PBXGroup;
			children = (
				63E614D92608190200F259B6 /* EndPoint.swift */,
			);
			path = EndPoints;
			sourceTree = "<group>";
		};
		63E614DD2608212200F259B6 /* Cache */ = {
			isa = PBXGroup;
			children = (
				63E614DE2608213C00F259B6 /* GlobalCache.swift */,
			);
			path = Cache;
			sourceTree = "<group>";
		};
		63E614E1260824A900F259B6 /* Login */ = {
			isa = PBXGroup;
			children = (
				63E614E3260824CA00F259B6 /* LoginHelper.swift */,
			);
			path = Login;
			sourceTree = "<group>";
		};
		63E614E7260829AF00F259B6 /* Login */ = {
			isa = PBXGroup;
			children = (
				63E614E8260829BD00F259B6 /* LoginViewController.swift */,
			);
			path = Login;
			sourceTree = "<group>";
		};
		954EE21E35C0CA351D49CF15 /* Frameworks */ = {
			isa = PBXGroup;
			children = (
				0FF6DC7085A0C456F9642B02 /* Pods_PetHospital_iOS.framework */,
			);
			name = Frameworks;
			sourceTree = "<group>";
		};
/* End PBXGroup section */

/* Begin PBXNativeTarget section */
		63C9B1DF25F88C6C0093DD91 /* PetHospital-iOS */ = {
			isa = PBXNativeTarget;
			buildConfigurationList = 63C9B1F425F88C6E0093DD91 /* Build configuration list for PBXNativeTarget "PetHospital-iOS" */;
			buildPhases = (
				0A05EDA6CED253069F6A3908 /* [CP] Check Pods Manifest.lock */,
				63C9B1DC25F88C6C0093DD91 /* Sources */,
				63C9B1DD25F88C6C0093DD91 /* Frameworks */,
				63C9B1DE25F88C6C0093DD91 /* Resources */,
				9DC779F849075C569E977877 /* [CP] Embed Pods Frameworks */,
			);
			buildRules = (
			);
			dependencies = (
			);
			name = "PetHospital-iOS";
			productName = "PetHospital-iOS";
			productReference = 63C9B1E025F88C6C0093DD91 /* PetHospital-iOS.app */;
			productType = "com.apple.product-type.application";
		};
/* End PBXNativeTarget section */

/* Begin PBXProject section */
		63C9B1D825F88C6C0093DD91 /* Project object */ = {
			isa = PBXProject;
			attributes = {
				LastSwiftUpdateCheck = 1240;
				LastUpgradeCheck = 1240;
				TargetAttributes = {
					63C9B1DF25F88C6C0093DD91 = {
						CreatedOnToolsVersion = 12.4;
					};
				};
			};
			buildConfigurationList = 63C9B1DB25F88C6C0093DD91 /* Build configuration list for PBXProject "PetHospital-iOS" */;
			compatibilityVersion = "Xcode 9.3";
			developmentRegion = en;
			hasScannedForEncodings = 0;
			knownRegions = (
				en,
				Base,
			);
			mainGroup = 63C9B1D725F88C6C0093DD91;
			productRefGroup = 63C9B1E125F88C6C0093DD91 /* Products */;
			projectDirPath = "";
			projectRoot = "";
			targets = (
				63C9B1DF25F88C6C0093DD91 /* PetHospital-iOS */,
			);
		};
/* End PBXProject section */

/* Begin PBXResourcesBuildPhase section */
		63C9B1DE25F88C6C0093DD91 /* Resources */ = {
			isa = PBXResourcesBuildPhase;
			buildActionMask = 2147483647;
			files = (
				63C9B1F025F88C6E0093DD91 /* LaunchScreen.storyboard in Resources */,
				63A84A3D25F896F900AE8628 /* Touring.storyboard in Resources */,
				63C9B1ED25F88C6E0093DD91 /* Assets.xcassets in Resources */,
				63C9B1EB25F88C6C0093DD91 /* Main.storyboard in Resources */,
				63A84A4C25F89ABE00AE8628 /* Exam.storyboard in Resources */,
				63A84A4725F89A1200AE8628 /* CaseStudy.storyboard in Resources */,
				63A84A4225F8996300AE8628 /* RolePlaying.storyboard in Resources */,
			);
			runOnlyForDeploymentPostprocessing = 0;
		};
/* End PBXResourcesBuildPhase section */

/* Begin PBXShellScriptBuildPhase section */
		0A05EDA6CED253069F6A3908 /* [CP] Check Pods Manifest.lock */ = {
			isa = PBXShellScriptBuildPhase;
			buildActionMask = 2147483647;
			files = (
			);
			inputFileListPaths = (
			);
			inputPaths = (
				"${PODS_PODFILE_DIR_PATH}/Podfile.lock",
				"${PODS_ROOT}/Manifest.lock",
			);
			name = "[CP] Check Pods Manifest.lock";
			outputFileListPaths = (
			);
			outputPaths = (
				"$(DERIVED_FILE_DIR)/Pods-PetHospital-iOS-checkManifestLockResult.txt",
			);
			runOnlyForDeploymentPostprocessing = 0;
			shellPath = /bin/sh;
			shellScript = "diff \"${PODS_PODFILE_DIR_PATH}/Podfile.lock\" \"${PODS_ROOT}/Manifest.lock\" > /dev/null\nif [ $? != 0 ] ; then\n    # print error to STDERR\n    echo \"error: The sandbox is not in sync with the Podfile.lock. Run 'pod install' or update your CocoaPods installation.\" >&2\n    exit 1\nfi\n# This output is used by Xcode 'outputs' to avoid re-running this script phase.\necho \"SUCCESS\" > \"${SCRIPT_OUTPUT_FILE_0}\"\n";
			showEnvVarsInLog = 0;
		};
		9DC779F849075C569E977877 /* [CP] Embed Pods Frameworks */ = {
			isa = PBXShellScriptBuildPhase;
			buildActionMask = 2147483647;
			files = (
			);
			inputFileListPaths = (
				"${PODS_ROOT}/Target Support Files/Pods-PetHospital-iOS/Pods-PetHospital-iOS-frameworks-${CONFIGURATION}-input-files.xcfilelist",
			);
			name = "[CP] Embed Pods Frameworks";
			outputFileListPaths = (
				"${PODS_ROOT}/Target Support Files/Pods-PetHospital-iOS/Pods-PetHospital-iOS-frameworks-${CONFIGURATION}-output-files.xcfilelist",
			);
			runOnlyForDeploymentPostprocessing = 0;
			shellPath = /bin/sh;
			shellScript = "\"${PODS_ROOT}/Target Support Files/Pods-PetHospital-iOS/Pods-PetHospital-iOS-frameworks.sh\"\n";
			showEnvVarsInLog = 0;
		};
/* End PBXShellScriptBuildPhase section */

/* Begin PBXSourcesBuildPhase section */
		63C9B1DC25F88C6C0093DD91 /* Sources */ = {
			isa = PBXSourcesBuildPhase;
			buildActionMask = 2147483647;
			files = (
				63A84A5025F89F5C00AE8628 /* TouringViewController.swift in Sources */,
				637A8A4625FEED430086ABEF /* ResultEntity.swift in Sources */,
				63C9B1E425F88C6C0093DD91 /* AppDelegate.swift in Sources */,
				63E614E9260829BD00F259B6 /* LoginViewController.swift in Sources */,
				63C9B1E625F88C6C0093DD91 /* SceneDelegate.swift in Sources */,
				6314213026034D0A00F7D8E2 /* NetworkManager.swift in Sources */,
				6347701B25F8DFF200BF8612 /* TouringListView.swift in Sources */,
				63E614DA2608190200F259B6 /* EndPoint.swift in Sources */,
				633572F525F90AF500C8F882 /* RolePlayingViewController.swift in Sources */,
				637A8A4225FEEA680086ABEF /* User.swift in Sources */,
				6347700B25F8D83700BF8612 /* Department.swift in Sources */,
				63E614DF2608213C00F259B6 /* GlobalCache.swift in Sources */,
				63E614E4260824CA00F259B6 /* LoginHelper.swift in Sources */,
				6347702425F908CE00BF8612 /* RolePlayingView.swift in Sources */,
				633572F925F90C4400C8F882 /* Role.swift in Sources */,
			);
			runOnlyForDeploymentPostprocessing = 0;
		};
/* End PBXSourcesBuildPhase section */

/* Begin PBXVariantGroup section */
		63A84A3B25F896F900AE8628 /* Touring.storyboard */ = {
			isa = PBXVariantGroup;
			children = (
				63A84A3C25F896F900AE8628 /* Base */,
			);
			name = Touring.storyboard;
			sourceTree = "<group>";
		};
		63A84A4025F8996300AE8628 /* RolePlaying.storyboard */ = {
			isa = PBXVariantGroup;
			children = (
				63A84A4125F8996300AE8628 /* Base */,
			);
			name = RolePlaying.storyboard;
			sourceTree = "<group>";
		};
		63A84A4525F89A1200AE8628 /* CaseStudy.storyboard */ = {
			isa = PBXVariantGroup;
			children = (
				63A84A4625F89A1200AE8628 /* Base */,
			);
			name = CaseStudy.storyboard;
			sourceTree = "<group>";
		};
		63A84A4A25F89ABE00AE8628 /* Exam.storyboard */ = {
			isa = PBXVariantGroup;
			children = (
				63A84A4B25F89ABE00AE8628 /* Base */,
			);
			name = Exam.storyboard;
			sourceTree = "<group>";
		};
		63C9B1E925F88C6C0093DD91 /* Main.storyboard */ = {
			isa = PBXVariantGroup;
			children = (
				63C9B1EA25F88C6C0093DD91 /* Base */,
			);
			name = Main.storyboard;
			sourceTree = "<group>";
		};
		63C9B1EE25F88C6E0093DD91 /* LaunchScreen.storyboard */ = {
			isa = PBXVariantGroup;
			children = (
				63C9B1EF25F88C6E0093DD91 /* Base */,
			);
			name = LaunchScreen.storyboard;
			sourceTree = "<group>";
		};
/* End PBXVariantGroup section */

/* Begin XCBuildConfiguration section */
		63C9B1F225F88C6E0093DD91 /* Debug */ = {
			isa = XCBuildConfiguration;
			buildSettings = {
				ALWAYS_SEARCH_USER_PATHS = NO;
				CLANG_ANALYZER_NONNULL = YES;
				CLANG_ANALYZER_NUMBER_OBJECT_CONVERSION = YES_AGGRESSIVE;
				CLANG_CXX_LANGUAGE_STANDARD = "gnu++14";
				CLANG_CXX_LIBRARY = "libc++";
				CLANG_ENABLE_MODULES = YES;
				CLANG_ENABLE_OBJC_ARC = YES;
				CLANG_ENABLE_OBJC_WEAK = YES;
				CLANG_WARN_BLOCK_CAPTURE_AUTORELEASING = YES;
				CLANG_WARN_BOOL_CONVERSION = YES;
				CLANG_WARN_COMMA = YES;
				CLANG_WARN_CONSTANT_CONVERSION = YES;
				CLANG_WARN_DEPRECATED_OBJC_IMPLEMENTATIONS = YES;
				CLANG_WARN_DIRECT_OBJC_ISA_USAGE = YES_ERROR;
				CLANG_WARN_DOCUMENTATION_COMMENTS = YES;
				CLANG_WARN_EMPTY_BODY = YES;
				CLANG_WARN_ENUM_CONVERSION = YES;
				CLANG_WARN_INFINITE_RECURSION = YES;
				CLANG_WARN_INT_CONVERSION = YES;
				CLANG_WARN_NON_LITERAL_NULL_CONVERSION = YES;
				CLANG_WARN_OBJC_IMPLICIT_RETAIN_SELF = YES;
				CLANG_WARN_OBJC_LITERAL_CONVERSION = YES;
				CLANG_WARN_OBJC_ROOT_CLASS = YES_ERROR;
				CLANG_WARN_QUOTED_INCLUDE_IN_FRAMEWORK_HEADER = YES;
				CLANG_WARN_RANGE_LOOP_ANALYSIS = YES;
				CLANG_WARN_STRICT_PROTOTYPES = YES;
				CLANG_WARN_SUSPICIOUS_MOVE = YES;
				CLANG_WARN_UNGUARDED_AVAILABILITY = YES_AGGRESSIVE;
				CLANG_WARN_UNREACHABLE_CODE = YES;
				CLANG_WARN__DUPLICATE_METHOD_MATCH = YES;
				COPY_PHASE_STRIP = NO;
				DEBUG_INFORMATION_FORMAT = dwarf;
				ENABLE_STRICT_OBJC_MSGSEND = YES;
				ENABLE_TESTABILITY = YES;
				GCC_C_LANGUAGE_STANDARD = gnu11;
				GCC_DYNAMIC_NO_PIC = NO;
				GCC_NO_COMMON_BLOCKS = YES;
				GCC_OPTIMIZATION_LEVEL = 0;
				GCC_PREPROCESSOR_DEFINITIONS = (
					"DEBUG=1",
					"$(inherited)",
				);
				GCC_WARN_64_TO_32_BIT_CONVERSION = YES;
				GCC_WARN_ABOUT_RETURN_TYPE = YES_ERROR;
				GCC_WARN_UNDECLARED_SELECTOR = YES;
				GCC_WARN_UNINITIALIZED_AUTOS = YES_AGGRESSIVE;
				GCC_WARN_UNUSED_FUNCTION = YES;
				GCC_WARN_UNUSED_VARIABLE = YES;
				IPHONEOS_DEPLOYMENT_TARGET = 14.4;
				MTL_ENABLE_DEBUG_INFO = INCLUDE_SOURCE;
				MTL_FAST_MATH = YES;
				ONLY_ACTIVE_ARCH = YES;
				SDKROOT = iphoneos;
				SWIFT_ACTIVE_COMPILATION_CONDITIONS = DEBUG;
				SWIFT_OPTIMIZATION_LEVEL = "-Onone";
			};
			name = Debug;
		};
		63C9B1F325F88C6E0093DD91 /* Release */ = {
			isa = XCBuildConfiguration;
			buildSettings = {
				ALWAYS_SEARCH_USER_PATHS = NO;
				CLANG_ANALYZER_NONNULL = YES;
				CLANG_ANALYZER_NUMBER_OBJECT_CONVERSION = YES_AGGRESSIVE;
				CLANG_CXX_LANGUAGE_STANDARD = "gnu++14";
				CLANG_CXX_LIBRARY = "libc++";
				CLANG_ENABLE_MODULES = YES;
				CLANG_ENABLE_OBJC_ARC = YES;
				CLANG_ENABLE_OBJC_WEAK = YES;
				CLANG_WARN_BLOCK_CAPTURE_AUTORELEASING = YES;
				CLANG_WARN_BOOL_CONVERSION = YES;
				CLANG_WARN_COMMA = YES;
				CLANG_WARN_CONSTANT_CONVERSION = YES;
				CLANG_WARN_DEPRECATED_OBJC_IMPLEMENTATIONS = YES;
				CLANG_WARN_DIRECT_OBJC_ISA_USAGE = YES_ERROR;
				CLANG_WARN_DOCUMENTATION_COMMENTS = YES;
				CLANG_WARN_EMPTY_BODY = YES;
				CLANG_WARN_ENUM_CONVERSION = YES;
				CLANG_WARN_INFINITE_RECURSION = YES;
				CLANG_WARN_INT_CONVERSION = YES;
				CLANG_WARN_NON_LITERAL_NULL_CONVERSION = YES;
				CLANG_WARN_OBJC_IMPLICIT_RETAIN_SELF = YES;
				CLANG_WARN_OBJC_LITERAL_CONVERSION = YES;
				CLANG_WARN_OBJC_ROOT_CLASS = YES_ERROR;
				CLANG_WARN_QUOTED_INCLUDE_IN_FRAMEWORK_HEADER = YES;
				CLANG_WARN_RANGE_LOOP_ANALYSIS = YES;
				CLANG_WARN_STRICT_PROTOTYPES = YES;
				CLANG_WARN_SUSPICIOUS_MOVE = YES;
				CLANG_WARN_UNGUARDED_AVAILABILITY = YES_AGGRESSIVE;
				CLANG_WARN_UNREACHABLE_CODE = YES;
				CLANG_WARN__DUPLICATE_METHOD_MATCH = YES;
				COPY_PHASE_STRIP = NO;
				DEBUG_INFORMATION_FORMAT = "dwarf-with-dsym";
				ENABLE_NS_ASSERTIONS = NO;
				ENABLE_STRICT_OBJC_MSGSEND = YES;
				GCC_C_LANGUAGE_STANDARD = gnu11;
				GCC_NO_COMMON_BLOCKS = YES;
				GCC_WARN_64_TO_32_BIT_CONVERSION = YES;
				GCC_WARN_ABOUT_RETURN_TYPE = YES_ERROR;
				GCC_WARN_UNDECLARED_SELECTOR = YES;
				GCC_WARN_UNINITIALIZED_AUTOS = YES_AGGRESSIVE;
				GCC_WARN_UNUSED_FUNCTION = YES;
				GCC_WARN_UNUSED_VARIABLE = YES;
				IPHONEOS_DEPLOYMENT_TARGET = 14.4;
				MTL_ENABLE_DEBUG_INFO = NO;
				MTL_FAST_MATH = YES;
				SDKROOT = iphoneos;
				SWIFT_COMPILATION_MODE = wholemodule;
				SWIFT_OPTIMIZATION_LEVEL = "-O";
				VALIDATE_PRODUCT = YES;
			};
			name = Release;
		};
		63C9B1F525F88C6E0093DD91 /* Debug */ = {
			isa = XCBuildConfiguration;
			baseConfigurationReference = CC5E8E3341C0B0D5D7ED37D8 /* Pods-PetHospital-iOS.debug.xcconfig */;
			buildSettings = {
				ASSETCATALOG_COMPILER_APPICON_NAME = AppIcon;
				ASSETCATALOG_COMPILER_GLOBAL_ACCENT_COLOR_NAME = AccentColor;
				CODE_SIGN_STYLE = Automatic;
				DEVELOPMENT_TEAM = XKUVHTJ3W8;
				INFOPLIST_FILE = "PetHospital-iOS/Info.plist";
				LD_RUNPATH_SEARCH_PATHS = (
					"$(inherited)",
					"@executable_path/Frameworks",
				);
				PRODUCT_BUNDLE_IDENTIFIER = "me.jjayhen.PetHospital-iOS";
				PRODUCT_NAME = "$(TARGET_NAME)";
				SWIFT_VERSION = 5.0;
				TARGETED_DEVICE_FAMILY = "1,2";
			};
			name = Debug;
		};
		63C9B1F625F88C6E0093DD91 /* Release */ = {
			isa = XCBuildConfiguration;
			baseConfigurationReference = D01D2E739B2144F7741F83AF /* Pods-PetHospital-iOS.release.xcconfig */;
			buildSettings = {
				ASSETCATALOG_COMPILER_APPICON_NAME = AppIcon;
				ASSETCATALOG_COMPILER_GLOBAL_ACCENT_COLOR_NAME = AccentColor;
				CODE_SIGN_STYLE = Automatic;
				DEVELOPMENT_TEAM = XKUVHTJ3W8;
				INFOPLIST_FILE = "PetHospital-iOS/Info.plist";
				LD_RUNPATH_SEARCH_PATHS = (
					"$(inherited)",
					"@executable_path/Frameworks",
				);
				PRODUCT_BUNDLE_IDENTIFIER = "me.jjayhen.PetHospital-iOS";
				PRODUCT_NAME = "$(TARGET_NAME)";
				SWIFT_VERSION = 5.0;
				TARGETED_DEVICE_FAMILY = "1,2";
			};
			name = Release;
		};
/* End XCBuildConfiguration section */

/* Begin XCConfigurationList section */
		63C9B1DB25F88C6C0093DD91 /* Build configuration list for PBXProject "PetHospital-iOS" */ = {
			isa = XCConfigurationList;
			buildConfigurations = (
				63C9B1F225F88C6E0093DD91 /* Debug */,
				63C9B1F325F88C6E0093DD91 /* Release */,
			);
			defaultConfigurationIsVisible = 0;
			defaultConfigurationName = Release;
		};
		63C9B1F425F88C6E0093DD91 /* Build configuration list for PBXNativeTarget "PetHospital-iOS" */ = {
			isa = XCConfigurationList;
			buildConfigurations = (
				63C9B1F525F88C6E0093DD91 /* Debug */,
				63C9B1F625F88C6E0093DD91 /* Release */,
			);
			defaultConfigurationIsVisible = 0;
			defaultConfigurationName = Release;
		};
/* End XCConfigurationList section */
	};
	rootObject = 63C9B1D825F88C6C0093DD91 /* Project object */;
}
