// !$*UTF8*$!
{
	archiveVersion = 1;
	classes = {
	};
	objectVersion = 51;
	objects = {

/* Begin PBXBuildFile section */
		272977AA6874D334C36393DB /* Pods_PetHospital_iOS.framework in Frameworks */ = {isa = PBXBuildFile; fileRef = 0FF6DC7085A0C456F9642B02 /* Pods_PetHospital_iOS.framework */; };
		6313A8DC26144ABF00C82767 /* ExamListViewController.swift in Sources */ = {isa = PBXBuildFile; fileRef = 6313A8DB26144ABF00C82767 /* ExamListViewController.swift */; };
		6313A8E026144B1000C82767 /* Exam.swift in Sources */ = {isa = PBXBuildFile; fileRef = 6313A8DF26144B1000C82767 /* Exam.swift */; };
		6313A8E526144FB100C82767 /* ExamContentConfiguration.swift in Sources */ = {isa = PBXBuildFile; fileRef = 6313A8E426144FB100C82767 /* ExamContentConfiguration.swift */; };
		6313A8EB2614501000C82767 /* ExamCardContentView.swift in Sources */ = {isa = PBXBuildFile; fileRef = 6313A8EA2614501000C82767 /* ExamCardContentView.swift */; };
		6314213026034D0A00F7D8E2 /* NetworkManager.swift in Sources */ = {isa = PBXBuildFile; fileRef = 6314212F26034D0A00F7D8E2 /* NetworkManager.swift */; };
		6314DEB726198BA100AAB97C /* ExamPaper.swift in Sources */ = {isa = PBXBuildFile; fileRef = 6314DEB626198BA100AAB97C /* ExamPaper.swift */; };
		6314DEBA2619A51800AAB97C /* CaseModuleCard.swift in Sources */ = {isa = PBXBuildFile; fileRef = 6314DEB92619A51800AAB97C /* CaseModuleCard.swift */; };
		63170EFB2619C5FB00201C0D /* DepartmentCardView.swift in Sources */ = {isa = PBXBuildFile; fileRef = 63170EFA2619C5FB00201C0D /* DepartmentCardView.swift */; };
		63170F05261AFE6B00201C0D /* MainTabBarController.swift in Sources */ = {isa = PBXBuildFile; fileRef = 63170F04261AFE6B00201C0D /* MainTabBarController.swift */; };
		63170F08261B01DC00201C0D /* DepartmentCardCell.swift in Sources */ = {isa = PBXBuildFile; fileRef = 63170F07261B01DC00201C0D /* DepartmentCardCell.swift */; };
		63170F0B261B082E00201C0D /* DepartmentCardConfiguration.swift in Sources */ = {isa = PBXBuildFile; fileRef = 63170F0A261B082E00201C0D /* DepartmentCardConfiguration.swift */; };
		63170F0E261B092400201C0D /* DepartmentCardContentView.swift in Sources */ = {isa = PBXBuildFile; fileRef = 63170F0D261B092400201C0D /* DepartmentCardContentView.swift */; };
		63250372260B336C00E04F6A /* Assets.swift in Sources */ = {isa = PBXBuildFile; fileRef = 63250371260B336C00E04F6A /* Assets.swift */; };
		63250376260B35C200E04F6A /* swiftgen.yml in Resources */ = {isa = PBXBuildFile; fileRef = 63250375260B35C200E04F6A /* swiftgen.yml */; };
		6325037A260B35EF00E04F6A /* Storyboard Segues.swift in Sources */ = {isa = PBXBuildFile; fileRef = 63250378260B35EF00E04F6A /* Storyboard Segues.swift */; };
		6325037B260B35EF00E04F6A /* Storyboard Scenes.swift in Sources */ = {isa = PBXBuildFile; fileRef = 63250379260B35EF00E04F6A /* Storyboard Scenes.swift */; };
		6325038F260B3BCE00E04F6A /* CircularLoadingView.swift in Sources */ = {isa = PBXBuildFile; fileRef = 6325038E260B3BCE00E04F6A /* CircularLoadingView.swift */; };
		632E686C26300467006384BB /* ResultEntity.swift in Sources */ = {isa = PBXBuildFile; fileRef = 632E686B26300467006384BB /* ResultEntity.swift */; };
		633572F525F90AF500C8F882 /* RolePlayingViewController.swift in Sources */ = {isa = PBXBuildFile; fileRef = 633572F425F90AF500C8F882 /* RolePlayingViewController.swift */; };
		633572F925F90C4400C8F882 /* Role.swift in Sources */ = {isa = PBXBuildFile; fileRef = 633572F825F90C4400C8F882 /* Role.swift */; };
		633DA0FF26188AA400C3D7AF /* ExamListCard.swift in Sources */ = {isa = PBXBuildFile; fileRef = 633DA0FE26188AA400C3D7AF /* ExamListCard.swift */; };
		633DA1082618A92100C3D7AF /* ExamDetailViewController.swift in Sources */ = {isa = PBXBuildFile; fileRef = 633DA1072618A92100C3D7AF /* ExamDetailViewController.swift */; };
		633DA10C2618AAD400C3D7AF /* ExamQuestionViewController.swift in Sources */ = {isa = PBXBuildFile; fileRef = 633DA10B2618AAD400C3D7AF /* ExamQuestionViewController.swift */; };
		633DA10F26197B7E00C3D7AF /* UIButton+BackgroundColorWithState.swift in Sources */ = {isa = PBXBuildFile; fileRef = 633DA10E26197B7E00C3D7AF /* UIButton+BackgroundColorWithState.swift */; };
		6344B935260B5CD600B31986 /* GRDBHelper.swift in Sources */ = {isa = PBXBuildFile; fileRef = 6344B934260B5CD600B31986 /* GRDBHelper.swift */; };
		6347700B25F8D83700BF8612 /* Department.swift in Sources */ = {isa = PBXBuildFile; fileRef = 6347700A25F8D83700BF8612 /* Department.swift */; };
		6347702425F908CE00BF8612 /* RoleCardView.swift in Sources */ = {isa = PBXBuildFile; fileRef = 6347702325F908CE00BF8612 /* RoleCardView.swift */; };
		63768FB6261D811D00B51563 /* DepartmentDetail2D.swift in Sources */ = {isa = PBXBuildFile; fileRef = 63768FB5261D811D00B51563 /* DepartmentDetail2D.swift */; };
		637A8A4225FEEA680086ABEF /* User.swift in Sources */ = {isa = PBXBuildFile; fileRef = 637A8A4125FEEA680086ABEF /* User.swift */; };
		637D12482612ECF40099AA83 /* Disease.swift in Sources */ = {isa = PBXBuildFile; fileRef = 637D12472612ECF40099AA83 /* Disease.swift */; };
		637D12512612EEC90099AA83 /* CaseStudy.storyboard in Resources */ = {isa = PBXBuildFile; fileRef = 637D12502612EEC90099AA83 /* CaseStudy.storyboard */; };
		637D12552612EEE60099AA83 /* Exam.storyboard in Resources */ = {isa = PBXBuildFile; fileRef = 637D12542612EEE60099AA83 /* Exam.storyboard */; };
		637D12592612EEFE0099AA83 /* RolePlaying.storyboard in Resources */ = {isa = PBXBuildFile; fileRef = 637D12582612EEFE0099AA83 /* RolePlaying.storyboard */; };
		637D125D2612EF0B0099AA83 /* Touring.storyboard in Resources */ = {isa = PBXBuildFile; fileRef = 637D125C2612EF0B0099AA83 /* Touring.storyboard */; };
		637D12602612EF5A0099AA83 /* DiseaseListViewController.swift in Sources */ = {isa = PBXBuildFile; fileRef = 637D125F2612EF5A0099AA83 /* DiseaseListViewController.swift */; };
		638D28F526116B0F00DC32B9 /* WebViewController.swift in Sources */ = {isa = PBXBuildFile; fileRef = 638D28F426116B0F00DC32B9 /* WebViewController.swift */; };
		638D28F92611773200DC32B9 /* URL+Extension.swift in Sources */ = {isa = PBXBuildFile; fileRef = 638D28F82611773200DC32B9 /* URL+Extension.swift */; };
		63A724C12608E7EE00A27695 /* RegisterPasswordViewController.swift in Sources */ = {isa = PBXBuildFile; fileRef = 63A724C02608E7EE00A27695 /* RegisterPasswordViewController.swift */; };
		63A724C42608E83100A27695 /* UIViewController+UINavigationBarItem+Extension.swift in Sources */ = {isa = PBXBuildFile; fileRef = 63A724C32608E83100A27695 /* UIViewController+UINavigationBarItem+Extension.swift */; };
		63A724C82608EA1C00A27695 /* LoginPasswordViewController.swift in Sources */ = {isa = PBXBuildFile; fileRef = 63A724C72608EA1C00A27695 /* LoginPasswordViewController.swift */; };
		63A724D42608F6B900A27695 /* ToastView.swift in Sources */ = {isa = PBXBuildFile; fileRef = 63A724D32608F6B900A27695 /* ToastView.swift */; };
		63A84A5025F89F5C00AE8628 /* TouringViewController.swift in Sources */ = {isa = PBXBuildFile; fileRef = 63A84A4F25F89F5C00AE8628 /* TouringViewController.swift */; };
		63AF27F02635A30C00331FD8 /* GoogleSignIn.plist in Resources */ = {isa = PBXBuildFile; fileRef = 63AF27EF2635A30C00331FD8 /* GoogleSignIn.plist */; };
		63C9B1E425F88C6C0093DD91 /* AppDelegate.swift in Sources */ = {isa = PBXBuildFile; fileRef = 63C9B1E325F88C6C0093DD91 /* AppDelegate.swift */; };
		63C9B1E625F88C6C0093DD91 /* SceneDelegate.swift in Sources */ = {isa = PBXBuildFile; fileRef = 63C9B1E525F88C6C0093DD91 /* SceneDelegate.swift */; };
		63C9B1EB25F88C6C0093DD91 /* Main.storyboard in Resources */ = {isa = PBXBuildFile; fileRef = 63C9B1E925F88C6C0093DD91 /* Main.storyboard */; };
		63C9B1ED25F88C6E0093DD91 /* Assets.xcassets in Resources */ = {isa = PBXBuildFile; fileRef = 63C9B1EC25F88C6E0093DD91 /* Assets.xcassets */; };
		63C9B1F025F88C6E0093DD91 /* LaunchScreen.storyboard in Resources */ = {isa = PBXBuildFile; fileRef = 63C9B1EE25F88C6E0093DD91 /* LaunchScreen.storyboard */; };
		63E21B402619A93700D5D09E /* DiseaseCaseDetailViewController.swift in Sources */ = {isa = PBXBuildFile; fileRef = 63E21B3F2619A93700D5D09E /* DiseaseCaseDetailViewController.swift */; };
		63E614DA2608190200F259B6 /* Endpoint.swift in Sources */ = {isa = PBXBuildFile; fileRef = 63E614D92608190200F259B6 /* Endpoint.swift */; };
		63E614DF2608213C00F259B6 /* GlobalCache.swift in Sources */ = {isa = PBXBuildFile; fileRef = 63E614DE2608213C00F259B6 /* GlobalCache.swift */; };
		63E614E4260824CA00F259B6 /* LoginHelper.swift in Sources */ = {isa = PBXBuildFile; fileRef = 63E614E3260824CA00F259B6 /* LoginHelper.swift */; };
		63E614E9260829BD00F259B6 /* LoginViewController.swift in Sources */ = {isa = PBXBuildFile; fileRef = 63E614E8260829BD00F259B6 /* LoginViewController.swift */; };
		63E614ED26082DF400F259B6 /* Login.storyboard in Resources */ = {isa = PBXBuildFile; fileRef = 63E614EC26082DF400F259B6 /* Login.storyboard */; };
		63ECC8FC261D98BC00EB692A /* WorkflowListView.swift in Sources */ = {isa = PBXBuildFile; fileRef = 63ECC8FB261D98BC00EB692A /* WorkflowListView.swift */; };
		63ECC900261D99FE00EB692A /* Workflow.swift in Sources */ = {isa = PBXBuildFile; fileRef = 63ECC8FF261D99FE00EB692A /* Workflow.swift */; };
		63ED91B82614555500E335C9 /* ExamCardListCell.swift in Sources */ = {isa = PBXBuildFile; fileRef = 63ED91B72614555500E335C9 /* ExamCardListCell.swift */; };
		63F24A06261DD301006AE204 /* WorkflowStep.swift in Sources */ = {isa = PBXBuildFile; fileRef = 63F24A05261DD301006AE204 /* WorkflowStep.swift */; };
		63F24A09261DD7B0006AE204 /* WorkflowStepsView.swift in Sources */ = {isa = PBXBuildFile; fileRef = 63F24A08261DD7B0006AE204 /* WorkflowStepsView.swift */; };
		63F5D9262611596400832200 /* ContinueWithButton.swift in Sources */ = {isa = PBXBuildFile; fileRef = 63F5D9252611596400832200 /* ContinueWithButton.swift */; };
/* End PBXBuildFile section */

/* Begin PBXFileReference section */
		0FF6DC7085A0C456F9642B02 /* Pods_PetHospital_iOS.framework */ = {isa = PBXFileReference; explicitFileType = wrapper.framework; includeInIndex = 0; path = Pods_PetHospital_iOS.framework; sourceTree = BUILT_PRODUCTS_DIR; };
		6313A8DB26144ABF00C82767 /* ExamListViewController.swift */ = {isa = PBXFileReference; lastKnownFileType = sourcecode.swift; path = ExamListViewController.swift; sourceTree = "<group>"; };
		6313A8DF26144B1000C82767 /* Exam.swift */ = {isa = PBXFileReference; lastKnownFileType = sourcecode.swift; path = Exam.swift; sourceTree = "<group>"; };
		6313A8E426144FB100C82767 /* ExamContentConfiguration.swift */ = {isa = PBXFileReference; lastKnownFileType = sourcecode.swift; path = ExamContentConfiguration.swift; sourceTree = "<group>"; };
		6313A8EA2614501000C82767 /* ExamCardContentView.swift */ = {isa = PBXFileReference; lastKnownFileType = sourcecode.swift; path = ExamCardContentView.swift; sourceTree = "<group>"; };
		6314212F26034D0A00F7D8E2 /* NetworkManager.swift */ = {isa = PBXFileReference; lastKnownFileType = sourcecode.swift; path = NetworkManager.swift; sourceTree = "<group>"; };
		6314DEB626198BA100AAB97C /* ExamPaper.swift */ = {isa = PBXFileReference; fileEncoding = 4; lastKnownFileType = sourcecode.swift; path = ExamPaper.swift; sourceTree = "<group>"; };
		6314DEB92619A51800AAB97C /* CaseModuleCard.swift */ = {isa = PBXFileReference; lastKnownFileType = sourcecode.swift; path = CaseModuleCard.swift; sourceTree = "<group>"; };
		63170EFA2619C5FB00201C0D /* DepartmentCardView.swift */ = {isa = PBXFileReference; lastKnownFileType = sourcecode.swift; path = DepartmentCardView.swift; sourceTree = "<group>"; };
		63170F04261AFE6B00201C0D /* MainTabBarController.swift */ = {isa = PBXFileReference; lastKnownFileType = sourcecode.swift; path = MainTabBarController.swift; sourceTree = "<group>"; };
		63170F07261B01DC00201C0D /* DepartmentCardCell.swift */ = {isa = PBXFileReference; lastKnownFileType = sourcecode.swift; path = DepartmentCardCell.swift; sourceTree = "<group>"; };
		63170F0A261B082E00201C0D /* DepartmentCardConfiguration.swift */ = {isa = PBXFileReference; lastKnownFileType = sourcecode.swift; path = DepartmentCardConfiguration.swift; sourceTree = "<group>"; };
		63170F0D261B092400201C0D /* DepartmentCardContentView.swift */ = {isa = PBXFileReference; lastKnownFileType = sourcecode.swift; path = DepartmentCardContentView.swift; sourceTree = "<group>"; };
		63250371260B336C00E04F6A /* Assets.swift */ = {isa = PBXFileReference; fileEncoding = 4; lastKnownFileType = sourcecode.swift; path = Assets.swift; sourceTree = SOURCE_ROOT; };
		63250375260B35C200E04F6A /* swiftgen.yml */ = {isa = PBXFileReference; fileEncoding = 4; lastKnownFileType = text.yaml; path = swiftgen.yml; sourceTree = SOURCE_ROOT; };
		63250378260B35EF00E04F6A /* Storyboard Segues.swift */ = {isa = PBXFileReference; fileEncoding = 4; lastKnownFileType = sourcecode.swift; path = "Storyboard Segues.swift"; sourceTree = SOURCE_ROOT; };
		63250379260B35EF00E04F6A /* Storyboard Scenes.swift */ = {isa = PBXFileReference; fileEncoding = 4; lastKnownFileType = sourcecode.swift; path = "Storyboard Scenes.swift"; sourceTree = SOURCE_ROOT; };
		6325038E260B3BCE00E04F6A /* CircularLoadingView.swift */ = {isa = PBXFileReference; lastKnownFileType = sourcecode.swift; path = CircularLoadingView.swift; sourceTree = "<group>"; };
		632E686B26300467006384BB /* ResultEntity.swift */ = {isa = PBXFileReference; fileEncoding = 4; lastKnownFileType = sourcecode.swift; path = ResultEntity.swift; sourceTree = "<group>"; };
		633572F425F90AF500C8F882 /* RolePlayingViewController.swift */ = {isa = PBXFileReference; lastKnownFileType = sourcecode.swift; path = RolePlayingViewController.swift; sourceTree = "<group>"; };
		633572F825F90C4400C8F882 /* Role.swift */ = {isa = PBXFileReference; lastKnownFileType = sourcecode.swift; path = Role.swift; sourceTree = "<group>"; };
		633DA0FE26188AA400C3D7AF /* ExamListCard.swift */ = {isa = PBXFileReference; lastKnownFileType = sourcecode.swift; path = ExamListCard.swift; sourceTree = "<group>"; };
		633DA1072618A92100C3D7AF /* ExamDetailViewController.swift */ = {isa = PBXFileReference; lastKnownFileType = sourcecode.swift; path = ExamDetailViewController.swift; sourceTree = "<group>"; };
		633DA10B2618AAD400C3D7AF /* ExamQuestionViewController.swift */ = {isa = PBXFileReference; lastKnownFileType = sourcecode.swift; path = ExamQuestionViewController.swift; sourceTree = "<group>"; };
		633DA10E26197B7E00C3D7AF /* UIButton+BackgroundColorWithState.swift */ = {isa = PBXFileReference; lastKnownFileType = sourcecode.swift; path = "UIButton+BackgroundColorWithState.swift"; sourceTree = "<group>"; };
		6344B934260B5CD600B31986 /* GRDBHelper.swift */ = {isa = PBXFileReference; lastKnownFileType = sourcecode.swift; path = GRDBHelper.swift; sourceTree = "<group>"; };
		6347700A25F8D83700BF8612 /* Department.swift */ = {isa = PBXFileReference; lastKnownFileType = sourcecode.swift; path = Department.swift; sourceTree = "<group>"; };
		6347702325F908CE00BF8612 /* RoleCardView.swift */ = {isa = PBXFileReference; lastKnownFileType = sourcecode.swift; path = RoleCardView.swift; sourceTree = "<group>"; };
		63768FB5261D811D00B51563 /* DepartmentDetail2D.swift */ = {isa = PBXFileReference; lastKnownFileType = sourcecode.swift; path = DepartmentDetail2D.swift; sourceTree = "<group>"; };
		637A8A4125FEEA680086ABEF /* User.swift */ = {isa = PBXFileReference; lastKnownFileType = sourcecode.swift; path = User.swift; sourceTree = "<group>"; };
		637D12472612ECF40099AA83 /* Disease.swift */ = {isa = PBXFileReference; lastKnownFileType = sourcecode.swift; path = Disease.swift; sourceTree = "<group>"; };
		637D12502612EEC90099AA83 /* CaseStudy.storyboard */ = {isa = PBXFileReference; fileEncoding = 4; lastKnownFileType = file.storyboard; path = CaseStudy.storyboard; sourceTree = "<group>"; };
		637D12542612EEE60099AA83 /* Exam.storyboard */ = {isa = PBXFileReference; fileEncoding = 4; lastKnownFileType = file.storyboard; path = Exam.storyboard; sourceTree = "<group>"; };
		637D12582612EEFE0099AA83 /* RolePlaying.storyboard */ = {isa = PBXFileReference; fileEncoding = 4; lastKnownFileType = file.storyboard; path = RolePlaying.storyboard; sourceTree = "<group>"; };
		637D125C2612EF0B0099AA83 /* Touring.storyboard */ = {isa = PBXFileReference; fileEncoding = 4; lastKnownFileType = file.storyboard; path = Touring.storyboard; sourceTree = "<group>"; };
		637D125F2612EF5A0099AA83 /* DiseaseListViewController.swift */ = {isa = PBXFileReference; lastKnownFileType = sourcecode.swift; path = DiseaseListViewController.swift; sourceTree = "<group>"; };
		638D28F426116B0F00DC32B9 /* WebViewController.swift */ = {isa = PBXFileReference; lastKnownFileType = sourcecode.swift; path = WebViewController.swift; sourceTree = "<group>"; };
		638D28F82611773200DC32B9 /* URL+Extension.swift */ = {isa = PBXFileReference; lastKnownFileType = sourcecode.swift; path = "URL+Extension.swift"; sourceTree = "<group>"; };
		63A724C02608E7EE00A27695 /* RegisterPasswordViewController.swift */ = {isa = PBXFileReference; lastKnownFileType = sourcecode.swift; path = RegisterPasswordViewController.swift; sourceTree = "<group>"; };
		63A724C32608E83100A27695 /* UIViewController+UINavigationBarItem+Extension.swift */ = {isa = PBXFileReference; lastKnownFileType = sourcecode.swift; path = "UIViewController+UINavigationBarItem+Extension.swift"; sourceTree = "<group>"; };
		63A724C72608EA1C00A27695 /* LoginPasswordViewController.swift */ = {isa = PBXFileReference; lastKnownFileType = sourcecode.swift; path = LoginPasswordViewController.swift; sourceTree = "<group>"; };
		63A724D32608F6B900A27695 /* ToastView.swift */ = {isa = PBXFileReference; lastKnownFileType = sourcecode.swift; path = ToastView.swift; sourceTree = "<group>"; };
		63A84A4F25F89F5C00AE8628 /* TouringViewController.swift */ = {isa = PBXFileReference; lastKnownFileType = sourcecode.swift; path = TouringViewController.swift; sourceTree = "<group>"; };
		63AF27EF2635A30C00331FD8 /* GoogleSignIn.plist */ = {isa = PBXFileReference; fileEncoding = 4; lastKnownFileType = text.plist.xml; path = GoogleSignIn.plist; sourceTree = "<group>"; };
		63C9B1E025F88C6C0093DD91 /* PetHospital-iOS.app */ = {isa = PBXFileReference; explicitFileType = wrapper.application; includeInIndex = 0; path = "PetHospital-iOS.app"; sourceTree = BUILT_PRODUCTS_DIR; };
		63C9B1E325F88C6C0093DD91 /* AppDelegate.swift */ = {isa = PBXFileReference; lastKnownFileType = sourcecode.swift; path = AppDelegate.swift; sourceTree = "<group>"; };
		63C9B1E525F88C6C0093DD91 /* SceneDelegate.swift */ = {isa = PBXFileReference; lastKnownFileType = sourcecode.swift; path = SceneDelegate.swift; sourceTree = "<group>"; };
		63C9B1EA25F88C6C0093DD91 /* Base */ = {isa = PBXFileReference; lastKnownFileType = file.storyboard; name = Base; path = Base.lproj/Main.storyboard; sourceTree = "<group>"; };
		63C9B1EC25F88C6E0093DD91 /* Assets.xcassets */ = {isa = PBXFileReference; lastKnownFileType = folder.assetcatalog; path = Assets.xcassets; sourceTree = "<group>"; };
		63C9B1EF25F88C6E0093DD91 /* Base */ = {isa = PBXFileReference; lastKnownFileType = file.storyboard; name = Base; path = Base.lproj/LaunchScreen.storyboard; sourceTree = "<group>"; };
		63C9B1F125F88C6E0093DD91 /* Info.plist */ = {isa = PBXFileReference; lastKnownFileType = text.plist.xml; path = Info.plist; sourceTree = "<group>"; };
		63E21B3F2619A93700D5D09E /* DiseaseCaseDetailViewController.swift */ = {isa = PBXFileReference; lastKnownFileType = sourcecode.swift; path = DiseaseCaseDetailViewController.swift; sourceTree = "<group>"; };
		63E614D92608190200F259B6 /* Endpoint.swift */ = {isa = PBXFileReference; lastKnownFileType = sourcecode.swift; path = Endpoint.swift; sourceTree = "<group>"; };
		63E614DE2608213C00F259B6 /* GlobalCache.swift */ = {isa = PBXFileReference; lastKnownFileType = sourcecode.swift; path = GlobalCache.swift; sourceTree = "<group>"; };
		63E614E3260824CA00F259B6 /* LoginHelper.swift */ = {isa = PBXFileReference; lastKnownFileType = sourcecode.swift; path = LoginHelper.swift; sourceTree = "<group>"; };
		63E614E8260829BD00F259B6 /* LoginViewController.swift */ = {isa = PBXFileReference; lastKnownFileType = sourcecode.swift; path = LoginViewController.swift; sourceTree = "<group>"; };
		63E614EC26082DF400F259B6 /* Login.storyboard */ = {isa = PBXFileReference; lastKnownFileType = file.storyboard; path = Login.storyboard; sourceTree = "<group>"; };
		63ECC8FB261D98BC00EB692A /* WorkflowListView.swift */ = {isa = PBXFileReference; lastKnownFileType = sourcecode.swift; path = WorkflowListView.swift; sourceTree = "<group>"; };
		63ECC8FF261D99FE00EB692A /* Workflow.swift */ = {isa = PBXFileReference; lastKnownFileType = sourcecode.swift; path = Workflow.swift; sourceTree = "<group>"; };
		63ED91B72614555500E335C9 /* ExamCardListCell.swift */ = {isa = PBXFileReference; lastKnownFileType = sourcecode.swift; path = ExamCardListCell.swift; sourceTree = "<group>"; };
		63F24A05261DD301006AE204 /* WorkflowStep.swift */ = {isa = PBXFileReference; lastKnownFileType = sourcecode.swift; path = WorkflowStep.swift; sourceTree = "<group>"; };
		63F24A08261DD7B0006AE204 /* WorkflowStepsView.swift */ = {isa = PBXFileReference; lastKnownFileType = sourcecode.swift; path = WorkflowStepsView.swift; sourceTree = "<group>"; };
		63F5D9252611596400832200 /* ContinueWithButton.swift */ = {isa = PBXFileReference; lastKnownFileType = sourcecode.swift; path = ContinueWithButton.swift; sourceTree = "<group>"; };
		CC5E8E3341C0B0D5D7ED37D8 /* Pods-PetHospital-iOS.debug.xcconfig */ = {isa = PBXFileReference; includeInIndex = 1; lastKnownFileType = text.xcconfig; name = "Pods-PetHospital-iOS.debug.xcconfig"; path = "Target Support Files/Pods-PetHospital-iOS/Pods-PetHospital-iOS.debug.xcconfig"; sourceTree = "<group>"; };
		D01D2E739B2144F7741F83AF /* Pods-PetHospital-iOS.release.xcconfig */ = {isa = PBXFileReference; includeInIndex = 1; lastKnownFileType = text.xcconfig; name = "Pods-PetHospital-iOS.release.xcconfig"; path = "Target Support Files/Pods-PetHospital-iOS/Pods-PetHospital-iOS.release.xcconfig"; sourceTree = "<group>"; };
/* End PBXFileReference section */

/* Begin PBXFrameworksBuildPhase section */
		63C9B1DD25F88C6C0093DD91 /* Frameworks */ = {
			isa = PBXFrameworksBuildPhase;
			buildActionMask = 2147483647;
			files = (
				272977AA6874D334C36393DB /* Pods_PetHospital_iOS.framework in Frameworks */,
			);
			runOnlyForDeploymentPostprocessing = 0;
		};
/* End PBXFrameworksBuildPhase section */

/* Begin PBXGroup section */
		2ED558438F6632581A6DA808 /* Pods */ = {
			isa = PBXGroup;
			children = (
				CC5E8E3341C0B0D5D7ED37D8 /* Pods-PetHospital-iOS.debug.xcconfig */,
				D01D2E739B2144F7741F83AF /* Pods-PetHospital-iOS.release.xcconfig */,
			);
			path = Pods;
			sourceTree = "<group>";
		};
		6313A8DE26144ADA00C82767 /* Exam */ = {
			isa = PBXGroup;
			children = (
				6313A8DF26144B1000C82767 /* Exam.swift */,
				6314DEB626198BA100AAB97C /* ExamPaper.swift */,
			);
			path = Exam;
			sourceTree = "<group>";
		};
		6313A8E926144FF900C82767 /* ExamList */ = {
			isa = PBXGroup;
			children = (
				6313A8DB26144ABF00C82767 /* ExamListViewController.swift */,
				6313A8E426144FB100C82767 /* ExamContentConfiguration.swift */,
				6313A8EA2614501000C82767 /* ExamCardContentView.swift */,
				63ED91B72614555500E335C9 /* ExamCardListCell.swift */,
				633DA0FE26188AA400C3D7AF /* ExamListCard.swift */,
			);
			path = ExamList;
			sourceTree = "<group>";
		};
		6314212D26034CF800F7D8E2 /* Utils */ = {
			isa = PBXGroup;
			children = (
				6344B932260B5CB800B31986 /* GRDB */,
				63250379260B35EF00E04F6A /* Storyboard Scenes.swift */,
				63250378260B35EF00E04F6A /* Storyboard Segues.swift */,
				63250371260B336C00E04F6A /* Assets.swift */,
				63E614E1260824A900F259B6 /* Login */,
				63E614DD2608212200F259B6 /* Cache */,
				63E614D7260818C300F259B6 /* Config */,
				6314212E26034CFC00F7D8E2 /* Networking */,
			);
			path = Utils;
			sourceTree = "<group>";
		};
		6314212E26034CFC00F7D8E2 /* Networking */ = {
			isa = PBXGroup;
			children = (
				6314212F26034D0A00F7D8E2 /* NetworkManager.swift */,
			);
			path = Networking;
			sourceTree = "<group>";
		};
		633572F725F90C3A00C8F882 /* RolePlaying */ = {
			isa = PBXGroup;
			children = (
				633572F825F90C4400C8F882 /* Role.swift */,
				63ECC8FF261D99FE00EB692A /* Workflow.swift */,
				63F24A05261DD301006AE204 /* WorkflowStep.swift */,
			);
			path = RolePlaying;
			sourceTree = "<group>";
		};
		633DA1062618A90A00C3D7AF /* ExamDetail */ = {
			isa = PBXGroup;
			children = (
				633DA1072618A92100C3D7AF /* ExamDetailViewController.swift */,
				633DA10B2618AAD400C3D7AF /* ExamQuestionViewController.swift */,
			);
			path = ExamDetail;
			sourceTree = "<group>";
		};
		6344B932260B5CB800B31986 /* GRDB */ = {
			isa = PBXGroup;
			children = (
				6344B934260B5CD600B31986 /* GRDBHelper.swift */,
			);
			path = GRDB;
			sourceTree = "<group>";
		};
		6347700D25F8D83900BF8612 /* Touring */ = {
			isa = PBXGroup;
			children = (
				6347700A25F8D83700BF8612 /* Department.swift */,
			);
			path = Touring;
			sourceTree = "<group>";
		};
		63768FB0261D80F400B51563 /* DepartmentList */ = {
			isa = PBXGroup;
			children = (
				637D125C2612EF0B0099AA83 /* Touring.storyboard */,
				63A84A4F25F89F5C00AE8628 /* TouringViewController.swift */,
				63170EFA2619C5FB00201C0D /* DepartmentCardView.swift */,
				63170F07261B01DC00201C0D /* DepartmentCardCell.swift */,
				63170F0A261B082E00201C0D /* DepartmentCardConfiguration.swift */,
				63170F0D261B092400201C0D /* DepartmentCardContentView.swift */,
			);
			path = DepartmentList;
			sourceTree = "<group>";
		};
		63768FB4261D810B00B51563 /* DepartmentDetail2D */ = {
			isa = PBXGroup;
			children = (
				63768FB5261D811D00B51563 /* DepartmentDetail2D.swift */,
			);
			path = DepartmentDetail2D;
			sourceTree = "<group>";
		};
		637A8A4025FEE9C10086ABEF /* Basic */ = {
			isa = PBXGroup;
			children = (
				637A8A4125FEEA680086ABEF /* User.swift */,
				632E686B26300467006384BB /* ResultEntity.swift */,
			);
			path = Basic;
			sourceTree = "<group>";
		};
		637D12462612EC4D0099AA83 /* CaseStudy */ = {
			isa = PBXGroup;
			children = (
				637D12472612ECF40099AA83 /* Disease.swift */,
			);
			path = CaseStudy;
			sourceTree = "<group>";
		};
		638D28F326116AE800DC32B9 /* Utils */ = {
			isa = PBXGroup;
			children = (
				63F5D9252611596400832200 /* ContinueWithButton.swift */,
				63A724D32608F6B900A27695 /* ToastView.swift */,
				6325038E260B3BCE00E04F6A /* CircularLoadingView.swift */,
			);
			path = Utils;
			sourceTree = "<group>";
		};
		63A724B32608D3F200A27695 /* Extension */ = {
			isa = PBXGroup;
			children = (
				63A724B42608D3F900A27695 /* UIKit */,
				638D28F82611773200DC32B9 /* URL+Extension.swift */,
			);
			path = Extension;
			sourceTree = "<group>";
		};
		63A724B42608D3F900A27695 /* UIKit */ = {
			isa = PBXGroup;
			children = (
				63A724C32608E83100A27695 /* UIViewController+UINavigationBarItem+Extension.swift */,
				633DA10E26197B7E00C3D7AF /* UIButton+BackgroundColorWithState.swift */,
			);
			path = UIKit;
			sourceTree = "<group>";
		};
		63A724D22608F69F00A27695 /* General */ = {
			isa = PBXGroup;
			children = (
				638D28F326116AE800DC32B9 /* Utils */,
				638D28F426116B0F00DC32B9 /* WebViewController.swift */,
			);
			path = General;
			sourceTree = "<group>";
		};
		63A84A5225F8A20500AE8628 /* Models */ = {
			isa = PBXGroup;
			children = (
				6313A8DE26144ADA00C82767 /* Exam */,
				637D12462612EC4D0099AA83 /* CaseStudy */,
				637A8A4025FEE9C10086ABEF /* Basic */,
				633572F725F90C3A00C8F882 /* RolePlaying */,
				6347700D25F8D83900BF8612 /* Touring */,
			);
			path = Models;
			sourceTree = "<group>";
		};
		63A84A5325F8A20C00AE8628 /* ViewControllers */ = {
			isa = PBXGroup;
			children = (
				63A724D22608F69F00A27695 /* General */,
				63E614E7260829AF00F259B6 /* Login */,
				63A84A5425F8A21E00AE8628 /* Touring */,
				63A84A5525F8A22800AE8628 /* RolePlaying */,
				63A84A5625F8A23C00AE8628 /* CaseStudy */,
				63A84A5725F8A24A00AE8628 /* Exam */,
			);
			path = ViewControllers;
			sourceTree = "<group>";
		};
		63A84A5425F8A21E00AE8628 /* Touring */ = {
			isa = PBXGroup;
			children = (
				63768FB4261D810B00B51563 /* DepartmentDetail2D */,
				63768FB0261D80F400B51563 /* DepartmentList */,
			);
			path = Touring;
			sourceTree = "<group>";
		};
		63A84A5525F8A22800AE8628 /* RolePlaying */ = {
			isa = PBXGroup;
			children = (
				63ECC8FA261D98A200EB692A /* RolePlayingList */,
				63ECC8F9261D989D00EB692A /* Workflow */,
			);
			path = RolePlaying;
			sourceTree = "<group>";
		};
		63A84A5625F8A23C00AE8628 /* CaseStudy */ = {
			isa = PBXGroup;
			children = (
				637D12502612EEC90099AA83 /* CaseStudy.storyboard */,
				6314DEB92619A51800AAB97C /* CaseModuleCard.swift */,
				637D125F2612EF5A0099AA83 /* DiseaseListViewController.swift */,
				63E21B3F2619A93700D5D09E /* DiseaseCaseDetailViewController.swift */,
			);
			path = CaseStudy;
			sourceTree = "<group>";
		};
		63A84A5725F8A24A00AE8628 /* Exam */ = {
			isa = PBXGroup;
			children = (
				633DA1062618A90A00C3D7AF /* ExamDetail */,
				6313A8E926144FF900C82767 /* ExamList */,
				637D12542612EEE60099AA83 /* Exam.storyboard */,
			);
			path = Exam;
			sourceTree = "<group>";
		};
		63C9B1D725F88C6C0093DD91 = {
			isa = PBXGroup;
			children = (
				63C9B1E225F88C6C0093DD91 /* PetHospital-iOS */,
				63C9B1E125F88C6C0093DD91 /* Products */,
				2ED558438F6632581A6DA808 /* Pods */,
				954EE21E35C0CA351D49CF15 /* Frameworks */,
			);
			sourceTree = "<group>";
		};
		63C9B1E125F88C6C0093DD91 /* Products */ = {
			isa = PBXGroup;
			children = (
				63C9B1E025F88C6C0093DD91 /* PetHospital-iOS.app */,
			);
			name = Products;
			sourceTree = "<group>";
		};
		63C9B1E225F88C6C0093DD91 /* PetHospital-iOS */ = {
			isa = PBXGroup;
			children = (
				63A724B32608D3F200A27695 /* Extension */,
				6314212D26034CF800F7D8E2 /* Utils */,
				63A84A5325F8A20C00AE8628 /* ViewControllers */,
				63A84A5225F8A20500AE8628 /* Models */,
				63C9B1E325F88C6C0093DD91 /* AppDelegate.swift */,
				63C9B1E525F88C6C0093DD91 /* SceneDelegate.swift */,
				63C9B1E925F88C6C0093DD91 /* Main.storyboard */,
				63C9B1EC25F88C6E0093DD91 /* Assets.xcassets */,
				63C9B1EE25F88C6E0093DD91 /* LaunchScreen.storyboard */,
				63250375260B35C200E04F6A /* swiftgen.yml */,
				63C9B1F125F88C6E0093DD91 /* Info.plist */,
				63170F04261AFE6B00201C0D /* MainTabBarController.swift */,
				63AF27EF2635A30C00331FD8 /* GoogleSignIn.plist */,
			);
			path = "PetHospital-iOS";
			sourceTree = "<group>";
		};
		63E614D7260818C300F259B6 /* Config */ = {
			isa = PBXGroup;
			children = (
				63E614D8260818CD00F259B6 /* Endpoint */,
			);
			path = Config;
			sourceTree = "<group>";
		};
		63E614D8260818CD00F259B6 /* Endpoint */ = {
			isa = PBXGroup;
			children = (
				63E614D92608190200F259B6 /* Endpoint.swift */,
			);
			path = Endpoint;
			sourceTree = "<group>";
		};
		63E614DD2608212200F259B6 /* Cache */ = {
			isa = PBXGroup;
			children = (
				63E614DE2608213C00F259B6 /* GlobalCache.swift */,
			);
			path = Cache;
			sourceTree = "<group>";
		};
		63E614E1260824A900F259B6 /* Login */ = {
			isa = PBXGroup;
			children = (
				63E614E3260824CA00F259B6 /* LoginHelper.swift */,
			);
			path = Login;
			sourceTree = "<group>";
		};
		63E614E7260829AF00F259B6 /* Login */ = {
			isa = PBXGroup;
			children = (
				63E614EC26082DF400F259B6 /* Login.storyboard */,
				63E614E8260829BD00F259B6 /* LoginViewController.swift */,
				63A724C02608E7EE00A27695 /* RegisterPasswordViewController.swift */,
				63A724C72608EA1C00A27695 /* LoginPasswordViewController.swift */,
			);
			path = Login;
			sourceTree = "<group>";
		};
		63ECC8F9261D989D00EB692A /* Workflow */ = {
			isa = PBXGroup;
			children = (
				63ECC8FB261D98BC00EB692A /* WorkflowListView.swift */,
				63F24A08261DD7B0006AE204 /* WorkflowStepsView.swift */,
			);
			path = Workflow;
			sourceTree = "<group>";
		};
		63ECC8FA261D98A200EB692A /* RolePlayingList */ = {
			isa = PBXGroup;
			children = (
				637D12582612EEFE0099AA83 /* RolePlaying.storyboard */,
				6347702325F908CE00BF8612 /* RoleCardView.swift */,
				633572F425F90AF500C8F882 /* RolePlayingViewController.swift */,
			);
			path = RolePlayingList;
			sourceTree = "<group>";
		};
		954EE21E35C0CA351D49CF15 /* Frameworks */ = {
			isa = PBXGroup;
			children = (
				0FF6DC7085A0C456F9642B02 /* Pods_PetHospital_iOS.framework */,
			);
			name = Frameworks;
			sourceTree = "<group>";
		};
/* End PBXGroup section */

/* Begin PBXNativeTarget section */
		63C9B1DF25F88C6C0093DD91 /* PetHospital-iOS */ = {
			isa = PBXNativeTarget;
			buildConfigurationList = 63C9B1F425F88C6E0093DD91 /* Build configuration list for PBXNativeTarget "PetHospital-iOS" */;
			buildPhases = (
				0A05EDA6CED253069F6A3908 /* [CP] Check Pods Manifest.lock */,
				63C9B1DC25F88C6C0093DD91 /* Sources */,
				63C9B1DD25F88C6C0093DD91 /* Frameworks */,
				63C9B1DE25F88C6C0093DD91 /* Resources */,
				9DC779F849075C569E977877 /* [CP] Embed Pods Frameworks */,
				63250388260B38D400E04F6A /* ShellScript */,
				1D9C8F1858C5BBEED0558AD0 /* [CP] Copy Pods Resources */,
			);
			buildRules = (
			);
			dependencies = (
			);
			name = "PetHospital-iOS";
			productName = "PetHospital-iOS";
			productReference = 63C9B1E025F88C6C0093DD91 /* PetHospital-iOS.app */;
			productType = "com.apple.product-type.application";
		};
/* End PBXNativeTarget section */

/* Begin PBXProject section */
		63C9B1D825F88C6C0093DD91 /* Project object */ = {
			isa = PBXProject;
			attributes = {
				LastSwiftUpdateCheck = 1240;
				LastUpgradeCheck = 1240;
				TargetAttributes = {
					63C9B1DF25F88C6C0093DD91 = {
						CreatedOnToolsVersion = 12.4;
					};
				};
			};
			buildConfigurationList = 63C9B1DB25F88C6C0093DD91 /* Build configuration list for PBXProject "PetHospital-iOS" */;
			compatibilityVersion = "Xcode 9.3";
			developmentRegion = en;
			hasScannedForEncodings = 0;
			knownRegions = (
				en,
				Base,
			);
			mainGroup = 63C9B1D725F88C6C0093DD91;
			productRefGroup = 63C9B1E125F88C6C0093DD91 /* Products */;
			projectDirPath = "";
			projectRoot = "";
			targets = (
				63C9B1DF25F88C6C0093DD91 /* PetHospital-iOS */,
			);
		};
/* End PBXProject section */

/* Begin PBXResourcesBuildPhase section */
		63C9B1DE25F88C6C0093DD91 /* Resources */ = {
			isa = PBXResourcesBuildPhase;
			buildActionMask = 2147483647;
			files = (
				63E614ED26082DF400F259B6 /* Login.storyboard in Resources */,
				63C9B1F025F88C6E0093DD91 /* LaunchScreen.storyboard in Resources */,
				637D12552612EEE60099AA83 /* Exam.storyboard in Resources */,
				63C9B1ED25F88C6E0093DD91 /* Assets.xcassets in Resources */,
				63C9B1EB25F88C6C0093DD91 /* Main.storyboard in Resources */,
				637D125D2612EF0B0099AA83 /* Touring.storyboard in Resources */,
				637D12512612EEC90099AA83 /* CaseStudy.storyboard in Resources */,
				63AF27F02635A30C00331FD8 /* GoogleSignIn.plist in Resources */,
				63250376260B35C200E04F6A /* swiftgen.yml in Resources */,
				637D12592612EEFE0099AA83 /* RolePlaying.storyboard in Resources */,
			);
			runOnlyForDeploymentPostprocessing = 0;
		};
/* End PBXResourcesBuildPhase section */

/* Begin PBXShellScriptBuildPhase section */
		0A05EDA6CED253069F6A3908 /* [CP] Check Pods Manifest.lock */ = {
			isa = PBXShellScriptBuildPhase;
			buildActionMask = 2147483647;
			files = (
			);
			inputFileListPaths = (
			);
			inputPaths = (
				"${PODS_PODFILE_DIR_PATH}/Podfile.lock",
				"${PODS_ROOT}/Manifest.lock",
			);
			name = "[CP] Check Pods Manifest.lock";
			outputFileListPaths = (
			);
			outputPaths = (
				"$(DERIVED_FILE_DIR)/Pods-PetHospital-iOS-checkManifestLockResult.txt",
			);
			runOnlyForDeploymentPostprocessing = 0;
			shellPath = /bin/sh;
			shellScript = "diff \"${PODS_PODFILE_DIR_PATH}/Podfile.lock\" \"${PODS_ROOT}/Manifest.lock\" > /dev/null\nif [ $? != 0 ] ; then\n    # print error to STDERR\n    echo \"error: The sandbox is not in sync with the Podfile.lock. Run 'pod install' or update your CocoaPods installation.\" >&2\n    exit 1\nfi\n# This output is used by Xcode 'outputs' to avoid re-running this script phase.\necho \"SUCCESS\" > \"${SCRIPT_OUTPUT_FILE_0}\"\n";
			showEnvVarsInLog = 0;
		};
		1D9C8F1858C5BBEED0558AD0 /* [CP] Copy Pods Resources */ = {
			isa = PBXShellScriptBuildPhase;
			buildActionMask = 2147483647;
			files = (
			);
			inputFileListPaths = (
				"${PODS_ROOT}/Target Support Files/Pods-PetHospital-iOS/Pods-PetHospital-iOS-resources-${CONFIGURATION}-input-files.xcfilelist",
			);
			name = "[CP] Copy Pods Resources";
			outputFileListPaths = (
				"${PODS_ROOT}/Target Support Files/Pods-PetHospital-iOS/Pods-PetHospital-iOS-resources-${CONFIGURATION}-output-files.xcfilelist",
			);
			runOnlyForDeploymentPostprocessing = 0;
			shellPath = /bin/sh;
			shellScript = "\"${PODS_ROOT}/Target Support Files/Pods-PetHospital-iOS/Pods-PetHospital-iOS-resources.sh\"\n";
			showEnvVarsInLog = 0;
		};
		63250388260B38D400E04F6A /* ShellScript */ = {
			isa = PBXShellScriptBuildPhase;
			buildActionMask = 2147483647;
			files = (
			);
			inputFileListPaths = (
			);
			inputPaths = (
			);
			outputFileListPaths = (
			);
			outputPaths = (
			);
			runOnlyForDeploymentPostprocessing = 0;
			shellPath = /bin/sh;
			shellScript = "if [[ -f \"${PODS_ROOT}/SwiftGen/bin/swiftgen\" ]]; then\n  \"${PODS_ROOT}/SwiftGen/bin/swiftgen\" config run\nelse\n  echo \"warning: SwiftGen is not installed. Run 'pod install --repo-update' to install it.\"\nfi\n";
		};
		9DC779F849075C569E977877 /* [CP] Embed Pods Frameworks */ = {
			isa = PBXShellScriptBuildPhase;
			buildActionMask = 2147483647;
			files = (
			);
			inputFileListPaths = (
				"${PODS_ROOT}/Target Support Files/Pods-PetHospital-iOS/Pods-PetHospital-iOS-frameworks-${CONFIGURATION}-input-files.xcfilelist",
			);
			name = "[CP] Embed Pods Frameworks";
			outputFileListPaths = (
				"${PODS_ROOT}/Target Support Files/Pods-PetHospital-iOS/Pods-PetHospital-iOS-frameworks-${CONFIGURATION}-output-files.xcfilelist",
			);
			runOnlyForDeploymentPostprocessing = 0;
			shellPath = /bin/sh;
			shellScript = "\"${PODS_ROOT}/Target Support Files/Pods-PetHospital-iOS/Pods-PetHospital-iOS-frameworks.sh\"\n";
			showEnvVarsInLog = 0;
		};
/* End PBXShellScriptBuildPhase section */

/* Begin PBXSourcesBuildPhase section */
		63C9B1DC25F88C6C0093DD91 /* Sources */ = {
			isa = PBXSourcesBuildPhase;
			buildActionMask = 2147483647;
			files = (
				637D12602612EF5A0099AA83 /* DiseaseListViewController.swift in Sources */,
				63A84A5025F89F5C00AE8628 /* TouringViewController.swift in Sources */,
				63ECC8FC261D98BC00EB692A /* WorkflowListView.swift in Sources */,
				6314DEBA2619A51800AAB97C /* CaseModuleCard.swift in Sources */,
				63F24A09261DD7B0006AE204 /* WorkflowStepsView.swift in Sources */,
				633DA0FF26188AA400C3D7AF /* ExamListCard.swift in Sources */,
				6325038F260B3BCE00E04F6A /* CircularLoadingView.swift in Sources */,
				63ED91B82614555500E335C9 /* ExamCardListCell.swift in Sources */,
				63C9B1E425F88C6C0093DD91 /* AppDelegate.swift in Sources */,
				6313A8DC26144ABF00C82767 /* ExamListViewController.swift in Sources */,
				63E614E9260829BD00F259B6 /* LoginViewController.swift in Sources */,
				633DA1082618A92100C3D7AF /* ExamDetailViewController.swift in Sources */,
				638D28F92611773200DC32B9 /* URL+Extension.swift in Sources */,
				6344B935260B5CD600B31986 /* GRDBHelper.swift in Sources */,
				6314DEB726198BA100AAB97C /* ExamPaper.swift in Sources */,
				63A724D42608F6B900A27695 /* ToastView.swift in Sources */,
				63C9B1E625F88C6C0093DD91 /* SceneDelegate.swift in Sources */,
				6325037B260B35EF00E04F6A /* Storyboard Scenes.swift in Sources */,
				6314213026034D0A00F7D8E2 /* NetworkManager.swift in Sources */,
				638D28F526116B0F00DC32B9 /* WebViewController.swift in Sources */,
				63F24A06261DD301006AE204 /* WorkflowStep.swift in Sources */,
				63250372260B336C00E04F6A /* Assets.swift in Sources */,
				637D12482612ECF40099AA83 /* Disease.swift in Sources */,
				633DA10F26197B7E00C3D7AF /* UIButton+BackgroundColorWithState.swift in Sources */,
				63A724C82608EA1C00A27695 /* LoginPasswordViewController.swift in Sources */,
				6325037A260B35EF00E04F6A /* Storyboard Segues.swift in Sources */,
				6313A8EB2614501000C82767 /* ExamCardContentView.swift in Sources */,
				63170F0E261B092400201C0D /* DepartmentCardContentView.swift in Sources */,
				63768FB6261D811D00B51563 /* DepartmentDetail2D.swift in Sources */,
				63E614DA2608190200F259B6 /* Endpoint.swift in Sources */,
				63A724C42608E83100A27695 /* UIViewController+UINavigationBarItem+Extension.swift in Sources */,
				633572F525F90AF500C8F882 /* RolePlayingViewController.swift in Sources */,
				63F5D9262611596400832200 /* ContinueWithButton.swift in Sources */,
				632E686C26300467006384BB /* ResultEntity.swift in Sources */,
				6313A8E526144FB100C82767 /* ExamContentConfiguration.swift in Sources */,
				63E21B402619A93700D5D09E /* DiseaseCaseDetailViewController.swift in Sources */,
				63170F08261B01DC00201C0D /* DepartmentCardCell.swift in Sources */,
				6313A8E026144B1000C82767 /* Exam.swift in Sources */,
				63ECC900261D99FE00EB692A /* Workflow.swift in Sources */,
				637A8A4225FEEA680086ABEF /* User.swift in Sources */,
				63170EFB2619C5FB00201C0D /* DepartmentCardView.swift in Sources */,
				6347700B25F8D83700BF8612 /* Department.swift in Sources */,
				63E614DF2608213C00F259B6 /* GlobalCache.swift in Sources */,
				63E614E4260824CA00F259B6 /* LoginHelper.swift in Sources */,
				63170F0B261B082E00201C0D /* DepartmentCardConfiguration.swift in Sources */,
				633DA10C2618AAD400C3D7AF /* ExamQuestionViewController.swift in Sources */,
				63170F05261AFE6B00201C0D /* MainTabBarController.swift in Sources */,
				6347702425F908CE00BF8612 /* RoleCardView.swift in Sources */,
				633572F925F90C4400C8F882 /* Role.swift in Sources */,
				63A724C12608E7EE00A27695 /* RegisterPasswordViewController.swift in Sources */,
			);
			runOnlyForDeploymentPostprocessing = 0;
		};
/* End PBXSourcesBuildPhase section */

/* Begin PBXVariantGroup section */
		63C9B1E925F88C6C0093DD91 /* Main.storyboard */ = {
			isa = PBXVariantGroup;
			children = (
				63C9B1EA25F88C6C0093DD91 /* Base */,
			);
			name = Main.storyboard;
			sourceTree = "<group>";
		};
		63C9B1EE25F88C6E0093DD91 /* LaunchScreen.storyboard */ = {
			isa = PBXVariantGroup;
			children = (
				63C9B1EF25F88C6E0093DD91 /* Base */,
			);
			name = LaunchScreen.storyboard;
			sourceTree = "<group>";
		};
/* End PBXVariantGroup section */

/* Begin XCBuildConfiguration section */
		63C9B1F225F88C6E0093DD91 /* Debug */ = {
			isa = XCBuildConfiguration;
			buildSettings = {
				ALWAYS_SEARCH_USER_PATHS = NO;
				CLANG_ANALYZER_NONNULL = YES;
				CLANG_ANALYZER_NUMBER_OBJECT_CONVERSION = YES_AGGRESSIVE;
				CLANG_CXX_LANGUAGE_STANDARD = "gnu++14";
				CLANG_CXX_LIBRARY = "libc++";
				CLANG_ENABLE_MODULES = YES;
				CLANG_ENABLE_OBJC_ARC = YES;
				CLANG_ENABLE_OBJC_WEAK = YES;
				CLANG_WARN_BLOCK_CAPTURE_AUTORELEASING = YES;
				CLANG_WARN_BOOL_CONVERSION = YES;
				CLANG_WARN_COMMA = YES;
				CLANG_WARN_CONSTANT_CONVERSION = YES;
				CLANG_WARN_DEPRECATED_OBJC_IMPLEMENTATIONS = YES;
				CLANG_WARN_DIRECT_OBJC_ISA_USAGE = YES_ERROR;
				CLANG_WARN_DOCUMENTATION_COMMENTS = YES;
				CLANG_WARN_EMPTY_BODY = YES;
				CLANG_WARN_ENUM_CONVERSION = YES;
				CLANG_WARN_INFINITE_RECURSION = YES;
				CLANG_WARN_INT_CONVERSION = YES;
				CLANG_WARN_NON_LITERAL_NULL_CONVERSION = YES;
				CLANG_WARN_OBJC_IMPLICIT_RETAIN_SELF = YES;
				CLANG_WARN_OBJC_LITERAL_CONVERSION = YES;
				CLANG_WARN_OBJC_ROOT_CLASS = YES_ERROR;
				CLANG_WARN_QUOTED_INCLUDE_IN_FRAMEWORK_HEADER = YES;
				CLANG_WARN_RANGE_LOOP_ANALYSIS = YES;
				CLANG_WARN_STRICT_PROTOTYPES = YES;
				CLANG_WARN_SUSPICIOUS_MOVE = YES;
				CLANG_WARN_UNGUARDED_AVAILABILITY = YES_AGGRESSIVE;
				CLANG_WARN_UNREACHABLE_CODE = YES;
				CLANG_WARN__DUPLICATE_METHOD_MATCH = YES;
				COPY_PHASE_STRIP = NO;
				DEBUG_INFORMATION_FORMAT = dwarf;
				ENABLE_STRICT_OBJC_MSGSEND = YES;
				ENABLE_TESTABILITY = YES;
				GCC_C_LANGUAGE_STANDARD = gnu11;
				GCC_DYNAMIC_NO_PIC = NO;
				GCC_NO_COMMON_BLOCKS = YES;
				GCC_OPTIMIZATION_LEVEL = 0;
				GCC_PREPROCESSOR_DEFINITIONS = (
					"DEBUG=1",
					"$(inherited)",
				);
				GCC_WARN_64_TO_32_BIT_CONVERSION = YES;
				GCC_WARN_ABOUT_RETURN_TYPE = YES_ERROR;
				GCC_WARN_UNDECLARED_SELECTOR = YES;
				GCC_WARN_UNINITIALIZED_AUTOS = YES_AGGRESSIVE;
				GCC_WARN_UNUSED_FUNCTION = YES;
				GCC_WARN_UNUSED_VARIABLE = YES;
				IPHONEOS_DEPLOYMENT_TARGET = 14.4;
				MTL_ENABLE_DEBUG_INFO = INCLUDE_SOURCE;
				MTL_FAST_MATH = YES;
				ONLY_ACTIVE_ARCH = YES;
				SDKROOT = iphoneos;
				SWIFT_ACTIVE_COMPILATION_CONDITIONS = DEBUG;
				SWIFT_OPTIMIZATION_LEVEL = "-Onone";
			};
			name = Debug;
		};
		63C9B1F325F88C6E0093DD91 /* Release */ = {
			isa = XCBuildConfiguration;
			buildSettings = {
				ALWAYS_SEARCH_USER_PATHS = NO;
				CLANG_ANALYZER_NONNULL = YES;
				CLANG_ANALYZER_NUMBER_OBJECT_CONVERSION = YES_AGGRESSIVE;
				CLANG_CXX_LANGUAGE_STANDARD = "gnu++14";
				CLANG_CXX_LIBRARY = "libc++";
				CLANG_ENABLE_MODULES = YES;
				CLANG_ENABLE_OBJC_ARC = YES;
				CLANG_ENABLE_OBJC_WEAK = YES;
				CLANG_WARN_BLOCK_CAPTURE_AUTORELEASING = YES;
				CLANG_WARN_BOOL_CONVERSION = YES;
				CLANG_WARN_COMMA = YES;
				CLANG_WARN_CONSTANT_CONVERSION = YES;
				CLANG_WARN_DEPRECATED_OBJC_IMPLEMENTATIONS = YES;
				CLANG_WARN_DIRECT_OBJC_ISA_USAGE = YES_ERROR;
				CLANG_WARN_DOCUMENTATION_COMMENTS = YES;
				CLANG_WARN_EMPTY_BODY = YES;
				CLANG_WARN_ENUM_CONVERSION = YES;
				CLANG_WARN_INFINITE_RECURSION = YES;
				CLANG_WARN_INT_CONVERSION = YES;
				CLANG_WARN_NON_LITERAL_NULL_CONVERSION = YES;
				CLANG_WARN_OBJC_IMPLICIT_RETAIN_SELF = YES;
				CLANG_WARN_OBJC_LITERAL_CONVERSION = YES;
				CLANG_WARN_OBJC_ROOT_CLASS = YES_ERROR;
				CLANG_WARN_QUOTED_INCLUDE_IN_FRAMEWORK_HEADER = YES;
				CLANG_WARN_RANGE_LOOP_ANALYSIS = YES;
				CLANG_WARN_STRICT_PROTOTYPES = YES;
				CLANG_WARN_SUSPICIOUS_MOVE = YES;
				CLANG_WARN_UNGUARDED_AVAILABILITY = YES_AGGRESSIVE;
				CLANG_WARN_UNREACHABLE_CODE = YES;
				CLANG_WARN__DUPLICATE_METHOD_MATCH = YES;
				COPY_PHASE_STRIP = NO;
				DEBUG_INFORMATION_FORMAT = "dwarf-with-dsym";
				ENABLE_NS_ASSERTIONS = NO;
				ENABLE_STRICT_OBJC_MSGSEND = YES;
				GCC_C_LANGUAGE_STANDARD = gnu11;
				GCC_NO_COMMON_BLOCKS = YES;
				GCC_WARN_64_TO_32_BIT_CONVERSION = YES;
				GCC_WARN_ABOUT_RETURN_TYPE = YES_ERROR;
				GCC_WARN_UNDECLARED_SELECTOR = YES;
				GCC_WARN_UNINITIALIZED_AUTOS = YES_AGGRESSIVE;
				GCC_WARN_UNUSED_FUNCTION = YES;
				GCC_WARN_UNUSED_VARIABLE = YES;
				IPHONEOS_DEPLOYMENT_TARGET = 14.4;
				MTL_ENABLE_DEBUG_INFO = NO;
				MTL_FAST_MATH = YES;
				SDKROOT = iphoneos;
				SWIFT_COMPILATION_MODE = wholemodule;
				SWIFT_OPTIMIZATION_LEVEL = "-O";
				VALIDATE_PRODUCT = YES;
			};
			name = Release;
		};
		63C9B1F525F88C6E0093DD91 /* Debug */ = {
			isa = XCBuildConfiguration;
			baseConfigurationReference = CC5E8E3341C0B0D5D7ED37D8 /* Pods-PetHospital-iOS.debug.xcconfig */;
			buildSettings = {
				ASSETCATALOG_COMPILER_APPICON_NAME = AppIcon;
				ASSETCATALOG_COMPILER_GLOBAL_ACCENT_COLOR_NAME = AccentColor;
				CODE_SIGN_STYLE = Automatic;
				DEVELOPMENT_TEAM = XKUVHTJ3W8;
				INFOPLIST_FILE = "PetHospital-iOS/Info.plist";
				LD_RUNPATH_SEARCH_PATHS = (
					"$(inherited)",
					"@executable_path/Frameworks",
				);
				PRODUCT_BUNDLE_IDENTIFIER = "me.jjayhen.PetHospital-iOS";
				PRODUCT_NAME = "$(TARGET_NAME)";
				SWIFT_VERSION = 5.0;
				TARGETED_DEVICE_FAMILY = "1,2";
			};
			name = Debug;
		};
		63C9B1F625F88C6E0093DD91 /* Release */ = {
			isa = XCBuildConfiguration;
			baseConfigurationReference = D01D2E739B2144F7741F83AF /* Pods-PetHospital-iOS.release.xcconfig */;
			buildSettings = {
				ASSETCATALOG_COMPILER_APPICON_NAME = AppIcon;
				ASSETCATALOG_COMPILER_GLOBAL_ACCENT_COLOR_NAME = AccentColor;
				CODE_SIGN_STYLE = Automatic;
				DEVELOPMENT_TEAM = XKUVHTJ3W8;
				INFOPLIST_FILE = "PetHospital-iOS/Info.plist";
				LD_RUNPATH_SEARCH_PATHS = (
					"$(inherited)",
					"@executable_path/Frameworks",
				);
				PRODUCT_BUNDLE_IDENTIFIER = "me.jjayhen.PetHospital-iOS";
				PRODUCT_NAME = "$(TARGET_NAME)";
				SWIFT_VERSION = 5.0;
				TARGETED_DEVICE_FAMILY = "1,2";
			};
			name = Release;
		};
/* End XCBuildConfiguration section */

/* Begin XCConfigurationList section */
		63C9B1DB25F88C6C0093DD91 /* Build configuration list for PBXProject "PetHospital-iOS" */ = {
			isa = XCConfigurationList;
			buildConfigurations = (
				63C9B1F225F88C6E0093DD91 /* Debug */,
				63C9B1F325F88C6E0093DD91 /* Release */,
			);
			defaultConfigurationIsVisible = 0;
			defaultConfigurationName = Release;
		};
		63C9B1F425F88C6E0093DD91 /* Build configuration list for PBXNativeTarget "PetHospital-iOS" */ = {
			isa = XCConfigurationList;
			buildConfigurations = (
				63C9B1F525F88C6E0093DD91 /* Debug */,
				63C9B1F625F88C6E0093DD91 /* Release */,
			);
			defaultConfigurationIsVisible = 0;
			defaultConfigurationName = Release;
		};
/* End XCConfigurationList section */
	};
	rootObject = 63C9B1D825F88C6C0093DD91 /* Project object */;
}
